{
  "originHash" : "77385174260e5a082870946dcb2ffee0e39ed35c0df6df3e0daa25b2102bf3f8",
  "pins" : [
    {
      "identity" : "reaper",
      "kind" : "remoteSourceControl",
      "location" : "https://github.com/EmergeTools/Reaper",
      "state" : {
        "revision" : "5d4d1a663355b049d7294d4d33706c8600517798",
        "version" : "1.3.1"
      }
    },
    {
      "identity" : "sentry-cocoa",
      "kind" : "remoteSourceControl",
      "location" : "https://github.com/getsentry/sentry-cocoa",
      "state" : {
        "revision" : "8fd4e804f2e72e0b9c1b189ce4e8349c4d10b6a2",
        "version" : "8.30.0"
      }
    },
    {
      "identity" : "snapshotpreviews-ios",
      "kind" : "remoteSourceControl",
      "location" : "https://github.com/EmergeTools/SnapshotPreviews-iOS",
      "state" : {
        "branch" : "main",
        "revision" : "f22f2f057ff26b6327d74279f9234f1b11822e23"
      }
    },
    {
      "identity" : "swiftsoup",
      "kind" : "remoteSourceControl",
      "location" : "https://github.com/scinfu/SwiftSoup",
      "state" : {
        "revision" : "8b6cf29eead8841a1fa7822481cb3af4ddaadba6",
        "version" : "2.6.1"
      }
    }
  ],
  "version" : 3
}
