{
  "originHash" : "da8ea69ffb6fd372d0cc0beb50a5fa1eb106cb6e8ad33822d9c032bd6bb081c4",
  "pins" : [
    {
      "identity" : "reaper",
      "kind" : "remoteSourceControl",
      "location" : "https://github.com/EmergeTools/Reaper",
      "state" : {
        "revision" : "764334d89b37cd9f6997e3718f5d2fe2f88094ca",
        "version" : "1.3.0"
      }
    },
    {
      "identity" : "sentry-cocoa",
      "kind" : "remoteSourceControl",
      "location" : "https://github.com/getsentry/sentry-cocoa",
      "state" : {
        "revision" : "0a915b93ff3abee1a9752448e47808334d306980",
        "version" : "8.13.0"
      }
    },
    {
      "identity" : "snapshotpreviews-ios",
      "kind" : "remoteSourceControl",
      "location" : "https://github.com/EmergeTools/SnapshotPreviews-iOS",
      "state" : {
        "branch" : "main",
        "revision" : "f22f2f057ff26b6327d74279f9234f1b11822e23"
      }
    },
    {
      "identity" : "swiftsoup",
      "kind" : "remoteSourceControl",
      "location" : "https://github.com/scinfu/SwiftSoup",
      "state" : {
        "revision" : "8b6cf29eead8841a1fa7822481cb3af4ddaadba6",
        "version" : "2.6.1"
      }
    }
  ],
  "version" : 2
}
