{
  "originHash" : "956841bd48445375af9b85d6617a2e4c1144af55323707809f3eef68e28d1ff6",
  "pins" : [
    {
      "identity" : "accessibilitysnapshot",
      "kind" : "remoteSourceControl",
      "location" : "https://github.com/EmergeTools/AccessibilitySnapshot.git",
      "state" : {
        "revision" : "54046d8fa44b9fa9f0e2229526f6ed89cb5e0ec2",
        "version" : "1.0.2"
      }
    },
    {
      "identity" : "etdistribution",
      "kind" : "remoteSourceControl",
      "location" : "https://github.com/EmergeTools/ETDistribution.git",
      "state" : {
        "revision" : "6643aa6332ab3ebc629a3c4fefcfcf2bfe35c672",
        "version" : "0.2.1"
      }
    },
    {
      "identity" : "faultordering",
      "kind" : "remoteSourceControl",
      "location" : "https://github.com/getsentry/faultordering",
      "state" : {
        "branch" : "main",
        "revision" : "8c61bbe08e642893b47d33e57042a07104805964"
      }
    },
    {
      "identity" : "flyingfox",
      "kind" : "remoteSourceControl",
      "location" : "https://github.com/swhitty/FlyingFox.git",
      "state" : {
        "revision" : "f7829d4aca8cbfecb410a1cce872b1b045224aa1",
        "version" : "0.16.0"
      }
    },
    {
      "identity" : "reaper",
      "kind" : "remoteSourceControl",
      "location" : "https://github.com/EmergeTools/Reaper",
      "state" : {
        "revision" : "1ee01c300554e83b6698190a1e3496afbd509ec6",
        "version" : "1.6.0"
      }
    },
    {
      "identity" : "sentry-cocoa",
      "kind" : "remoteSourceControl",
      "location" : "https://github.com/getsentry/sentry-cocoa",
      "state" : {
        "revision" : "e9bcb13a491c00da6c9d100fe73954aea9e9d8a6",
        "version" : "8.57.0"
      }
    },
    {
      "identity" : "simpledebugger",
      "kind" : "remoteSourceControl",
      "location" : "https://github.com/EmergeTools/SimpleDebugger",
      "state" : {
        "revision" : "e0ad1cd304132efa0ab3b4707bd0eea761dbe2b5"
      }
    },
    {
      "identity" : "snapshotpreviews-ios",
      "kind" : "remoteSourceControl",
      "location" : "https://github.com/EmergeTools/SnapshotPreviews-iOS",
      "state" : {
        "branch" : "main",
        "revision" : "fc7a10d6307076565c5a780ca36dee6cb31fcccd"
      }
    },
    {
      "identity" : "swift-snapshot-testing",
      "kind" : "remoteSourceControl",
      "location" : "https://github.com/pointfreeco/swift-snapshot-testing",
      "state" : {
        "revision" : "42a086182681cf661f5c47c9b7dc3931de18c6d7",
        "version" : "1.17.6"
      }
    },
    {
      "identity" : "swift-syntax",
      "kind" : "remoteSourceControl",
      "location" : "https://github.com/swiftlang/swift-syntax",
      "state" : {
        "revision" : "0687f71944021d616d34d922343dcef086855920",
        "version" : "600.0.1"
      }
    },
    {
      "identity" : "swiftsoup",
      "kind" : "remoteSourceControl",
      "location" : "https://github.com/scinfu/SwiftSoup",
      "state" : {
        "revision" : "8b6cf29eead8841a1fa7822481cb3af4ddaadba6",
        "version" : "2.6.1"
      }
    }
  ],
  "version" : 3
}
