// !$*UTF8*$!
{
	archiveVersion = 1;
	classes = {
	};
	objectVersion = 56;
	objects = {

/* Begin PBXBuildFile section */
		1DF161FA2A4346F6001A3F76 /* StoryRow.swift in Sources */ = {isa = PBXBuildFile; fileRef = 1DF161F92A4346F6001A3F76 /* StoryRow.swift */; };
		1DF162002A4365A1001A3F76 /* Colors.swift in Sources */ = {isa = PBXBuildFile; fileRef = 1DF161FF2A4365A1001A3F76 /* Colors.swift */; };
		1DF162032A436E7B001A3F76 /* DateUtils.swift in Sources */ = {isa = PBXBuildFile; fileRef = 1DF162022A436E7B001A3F76 /* DateUtils.swift */; };
		A40DC1FA2C20D8B60055B920 /* Previews.swift in Sources */ = {isa = PBXBuildFile; fileRef = A40DC1F92C20D8B60055B920 /* Previews.swift */; };
		A413E8572A8C40E800C0F867 /* Extensions.swift in Sources */ = {isa = PBXBuildFile; fileRef = A413E8562A8C40E800C0F867 /* Extensions.swift */; };
		A423B0682BAE05FB00267DDB /* NetworkDebugger.swift in Sources */ = {isa = PBXBuildFile; fileRef = A423B0672BAE05FB00267DDB /* NetworkDebugger.swift */; };
		A423B06A2BAE061600267DDB /* Flags.swift in Sources */ = {isa = PBXBuildFile; fileRef = A423B0692BAE061600267DDB /* Flags.swift */; };
		A427057D2A4293B10057E439 /* HNApp.swift in Sources */ = {isa = PBXBuildFile; fileRef = A427057C2A4293B10057E439 /* HNApp.swift */; };
		A427057F2A4293B10057E439 /* ContentView.swift in Sources */ = {isa = PBXBuildFile; fileRef = A427057E2A4293B10057E439 /* ContentView.swift */; };
		A42705812A4293B20057E439 /* Assets.xcassets in Resources */ = {isa = PBXBuildFile; fileRef = A42705802A4293B20057E439 /* Assets.xcassets */; };
		A42705842A4293B20057E439 /* Preview Assets.xcassets in Resources */ = {isa = PBXBuildFile; fileRef = A42705832A4293B20057E439 /* Preview Assets.xcassets */; };
		A427058E2A4293B30057E439 /* Hacker_NewsTests.swift in Sources */ = {isa = PBXBuildFile; fileRef = A427058D2A4293B30057E439 /* Hacker_NewsTests.swift */; };
		A42705982A4293B30057E439 /* Hacker_NewsUITests.swift in Sources */ = {isa = PBXBuildFile; fileRef = A42705972A4293B30057E439 /* Hacker_NewsUITests.swift */; };
		A427059A2A4293B30057E439 /* Hacker_NewsUITestsLaunchTests.swift in Sources */ = {isa = PBXBuildFile; fileRef = A42705992A4293B30057E439 /* Hacker_NewsUITestsLaunchTests.swift */; };
		A42705A72A42949D0057E439 /* AppViewModel.swift in Sources */ = {isa = PBXBuildFile; fileRef = A42705A62A42949D0057E439 /* AppViewModel.swift */; };
		A42705AB2A4296BA0057E439 /* FeedScreen.swift in Sources */ = {isa = PBXBuildFile; fileRef = A42705AA2A4296BA0057E439 /* FeedScreen.swift */; };
		A42705AD2A429D2E0057E439 /* HNApi.swift in Sources */ = {isa = PBXBuildFile; fileRef = A42705AC2A429D2E0057E439 /* HNApi.swift */; };
		A434C2E02A8E75960002F488 /* WebView.swift in Sources */ = {isa = PBXBuildFile; fileRef = A434C2DF2A8E75960002F488 /* WebView.swift */; };
		A439A8EC2D4194B100452940 /* Font.swift in Sources */ = {isa = PBXBuildFile; fileRef = A439A8EB2D4194B100452940 /* Font.swift */; };
		A47309B42AA29D9600201376 /* SwiftSoup in Frameworks */ = {isa = PBXBuildFile; productRef = A47309B32AA29D9600201376 /* SwiftSoup */; };
		A47309B62AA7D1F600201376 /* CommentRow.swift in Sources */ = {isa = PBXBuildFile; fileRef = A47309B52AA7D1F600201376 /* CommentRow.swift */; };
		A495A6662CED57BB009A2A6B /* SnapshotTesting in Frameworks */ = {isa = PBXBuildFile; productRef = A495A6652CED57BB009A2A6B /* SnapshotTesting */; };
		A495A6682CED5800009A2A6B /* SwiftSnapshotTest.swift in Sources */ = {isa = PBXBuildFile; fileRef = A495A6672CED57FA009A2A6B /* SwiftSnapshotTest.swift */; };
		A495B2952BFEA11B00A8A8A9 /* Reaper in Frameworks */ = {isa = PBXBuildFile; productRef = A495B2942BFEA11B00A8A8A9 /* Reaper */; };
		A49933942AA28B5900DED8B1 /* CommentsViewModel.swift in Sources */ = {isa = PBXBuildFile; fileRef = A48C0DE92A9819E00034CC0A /* CommentsViewModel.swift */; };
		A49933952AA28B6500DED8B1 /* CommentsScreen.swift in Sources */ = {isa = PBXBuildFile; fileRef = A48C0DE62A9818A50034CC0A /* CommentsScreen.swift */; };
		A4BED5C32AD5E083001642B3 /* (null) in Frameworks */ = {isa = PBXBuildFile; };
		A4BED5C42AD5E083001642B3 /* (null) in Frameworks */ = {isa = PBXBuildFile; };
		A4D28AEE2C237E2A007F20D0 /* SnapshotPreferences in Frameworks */ = {isa = PBXBuildFile; productRef = A4D28AED2C237E2A007F20D0 /* SnapshotPreferences */; };
		A4D28AF02C237E2A007F20D0 /* SnapshottingTests in Frameworks */ = {isa = PBXBuildFile; productRef = A4D28AEF2C237E2A007F20D0 /* SnapshottingTests */; };
		A9DF68FF511E48048B0A703D /* Sentry in Frameworks */ = {isa = PBXBuildFile; productRef = 673236B0A4D04137A0D80A76 /* Sentry */; };
		C3AC6AD42CB6E806006BD22D /* HackerNewsPreviewTest.swift in Sources */ = {isa = PBXBuildFile; fileRef = C3AC6AD32CB6E7FD006BD22D /* HackerNewsPreviewTest.swift */; };
		C3AC6AD62CB6E81B006BD22D /* HackerNewsSnapshotTest.swift in Sources */ = {isa = PBXBuildFile; fileRef = C3AC6AD52CB6E816006BD22D /* HackerNewsSnapshotTest.swift */; };
		C3AC6AD92CB6E8F7006BD22D /* SnapshottingTests in Frameworks */ = {isa = PBXBuildFile; productRef = C3AC6AD82CB6E8F7006BD22D /* SnapshottingTests */; };
		EC0B1C752D1A34110000C3AC /* CommentsHeader.swift in Sources */ = {isa = PBXBuildFile; fileRef = EC0B1C742D1A34110000C3AC /* CommentsHeader.swift */; };
		EC29FDA72CFFD074007B1AE9 /* BookmarksScreen.swift in Sources */ = {isa = PBXBuildFile; fileRef = EC29FDA62CFFD074007B1AE9 /* BookmarksScreen.swift */; };
		EC29FDA92CFFD0B5007B1AE9 /* SettingsScreen.swift in Sources */ = {isa = PBXBuildFile; fileRef = EC29FDA82CFFD0B5007B1AE9 /* SettingsScreen.swift */; };
		EC70E1612D1DD82B00582023 /* HNWebClient.swift in Sources */ = {isa = PBXBuildFile; fileRef = EC70E1602D1DD82B00582023 /* HNWebClient.swift */; };
		EC882BB22D23A8A70065FEC0 /* LoginScreen.swift in Sources */ = {isa = PBXBuildFile; fileRef = EC882BB12D23A8A70065FEC0 /* LoginScreen.swift */; };
		ECC0BC8C2D39CDCB00ABB263 /* CommentComposer.swift in Sources */ = {isa = PBXBuildFile; fileRef = ECC0BC8B2D39CDCB00ABB263 /* CommentComposer.swift */; };
		ECC0BC8F2D3A34A600ABB263 /* Bookmarks.swift in Sources */ = {isa = PBXBuildFile; fileRef = ECC0BC8E2D3A34A600ABB263 /* Bookmarks.swift */; };
		ECC0BC912D3B1FEC00ABB263 /* LoginRow.swift in Sources */ = {isa = PBXBuildFile; fileRef = ECC0BC902D3B1FEC00ABB263 /* LoginRow.swift */; };
		ECC0BC932D3B268C00ABB263 /* SettingsRow.swift in Sources */ = {isa = PBXBuildFile; fileRef = ECC0BC922D3B268C00ABB263 /* SettingsRow.swift */; };
		ECCE8F262D03815300349733 /* Pager.swift in Sources */ = {isa = PBXBuildFile; fileRef = ECCE8F252D03815300349733 /* Pager.swift */; };
		ECE608562D338B3E008B1618 /* ibm_plex_sans_medium.ttf in Resources */ = {isa = PBXBuildFile; fileRef = ECE608532D338B3E008B1618 /* ibm_plex_sans_medium.ttf */; };
		ECE608572D338B3E008B1618 /* ibm_plex_sans_bold.ttf in Resources */ = {isa = PBXBuildFile; fileRef = ECE608522D338B3E008B1618 /* ibm_plex_sans_bold.ttf */; };
		ECE608582D338B3E008B1618 /* ibm_plex_sans_regular.ttf in Resources */ = {isa = PBXBuildFile; fileRef = ECE608542D338B3E008B1618 /* ibm_plex_sans_regular.ttf */; };
		ECE608592D338B3E008B1618 /* unbounded.ttf in Resources */ = {isa = PBXBuildFile; fileRef = ECE608552D338B3E008B1618 /* unbounded.ttf */; };
/* End PBXBuildFile section */

/* Begin PBXContainerItemProxy section */
		A427058A2A4293B30057E439 /* PBXContainerItemProxy */ = {
			isa = PBXContainerItemProxy;
			containerPortal = A42705712A4293B10057E439 /* Project object */;
			proxyType = 1;
			remoteGlobalIDString = A42705782A4293B10057E439;
			remoteInfo = HackerNews;
		};
		A42705942A4293B30057E439 /* PBXContainerItemProxy */ = {
			isa = PBXContainerItemProxy;
			containerPortal = A42705712A4293B10057E439 /* Project object */;
			proxyType = 1;
			remoteGlobalIDString = A42705782A4293B10057E439;
			remoteInfo = HackerNews;
		};
/* End PBXContainerItemProxy section */

/* Begin PBXCopyFilesBuildPhase section */
		A4D28AE92C237BAE007F20D0 /* Embed Frameworks */ = {
			isa = PBXCopyFilesBuildPhase;
			buildActionMask = 2147483647;
			dstPath = "";
			dstSubfolderSpec = 10;
			files = (
			);
			name = "Embed Frameworks";
			runOnlyForDeploymentPostprocessing = 0;
		};
/* End PBXCopyFilesBuildPhase section */

/* Begin PBXFileReference section */
		1DF161F92A4346F6001A3F76 /* StoryRow.swift */ = {isa = PBXFileReference; lastKnownFileType = sourcecode.swift; path = StoryRow.swift; sourceTree = "<group>"; };
		1DF161FF2A4365A1001A3F76 /* Colors.swift */ = {isa = PBXFileReference; lastKnownFileType = sourcecode.swift; path = Colors.swift; sourceTree = "<group>"; };
		1DF162022A436E7B001A3F76 /* DateUtils.swift */ = {isa = PBXFileReference; lastKnownFileType = sourcecode.swift; path = DateUtils.swift; sourceTree = "<group>"; };
		A40DC1F92C20D8B60055B920 /* Previews.swift */ = {isa = PBXFileReference; lastKnownFileType = sourcecode.swift; path = Previews.swift; sourceTree = "<group>"; };
		A413E8562A8C40E800C0F867 /* Extensions.swift */ = {isa = PBXFileReference; lastKnownFileType = sourcecode.swift; path = Extensions.swift; sourceTree = "<group>"; };
		A423B0672BAE05FB00267DDB /* NetworkDebugger.swift */ = {isa = PBXFileReference; lastKnownFileType = sourcecode.swift; path = NetworkDebugger.swift; sourceTree = "<group>"; };
		A423B0692BAE061600267DDB /* Flags.swift */ = {isa = PBXFileReference; lastKnownFileType = sourcecode.swift; path = Flags.swift; sourceTree = "<group>"; };
		A42705792A4293B10057E439 /* HackerNews.app */ = {isa = PBXFileReference; explicitFileType = wrapper.application; includeInIndex = 0; path = HackerNews.app; sourceTree = BUILT_PRODUCTS_DIR; };
		A427057C2A4293B10057E439 /* HNApp.swift */ = {isa = PBXFileReference; lastKnownFileType = sourcecode.swift; path = HNApp.swift; sourceTree = "<group>"; };
		A427057E2A4293B10057E439 /* ContentView.swift */ = {isa = PBXFileReference; lastKnownFileType = sourcecode.swift; path = ContentView.swift; sourceTree = "<group>"; };
		A42705802A4293B20057E439 /* Assets.xcassets */ = {isa = PBXFileReference; lastKnownFileType = folder.assetcatalog; path = Assets.xcassets; sourceTree = "<group>"; };
		A42705832A4293B20057E439 /* Preview Assets.xcassets */ = {isa = PBXFileReference; lastKnownFileType = folder.assetcatalog; path = "Preview Assets.xcassets"; sourceTree = "<group>"; };
		A42705892A4293B30057E439 /* HackerNewsTests.xctest */ = {isa = PBXFileReference; explicitFileType = wrapper.cfbundle; includeInIndex = 0; path = HackerNewsTests.xctest; sourceTree = BUILT_PRODUCTS_DIR; };
		A427058D2A4293B30057E439 /* Hacker_NewsTests.swift */ = {isa = PBXFileReference; lastKnownFileType = sourcecode.swift; path = Hacker_NewsTests.swift; sourceTree = "<group>"; };
		A42705932A4293B30057E439 /* HackerNewsUITests.xctest */ = {isa = PBXFileReference; explicitFileType = wrapper.cfbundle; includeInIndex = 0; path = HackerNewsUITests.xctest; sourceTree = BUILT_PRODUCTS_DIR; };
		A42705972A4293B30057E439 /* Hacker_NewsUITests.swift */ = {isa = PBXFileReference; lastKnownFileType = sourcecode.swift; path = Hacker_NewsUITests.swift; sourceTree = "<group>"; };
		A42705992A4293B30057E439 /* Hacker_NewsUITestsLaunchTests.swift */ = {isa = PBXFileReference; lastKnownFileType = sourcecode.swift; path = Hacker_NewsUITestsLaunchTests.swift; sourceTree = "<group>"; };
		A42705A62A42949D0057E439 /* AppViewModel.swift */ = {isa = PBXFileReference; lastKnownFileType = sourcecode.swift; path = AppViewModel.swift; sourceTree = "<group>"; };
		A42705AA2A4296BA0057E439 /* FeedScreen.swift */ = {isa = PBXFileReference; lastKnownFileType = sourcecode.swift; path = FeedScreen.swift; sourceTree = "<group>"; };
		A42705AC2A429D2E0057E439 /* HNApi.swift */ = {isa = PBXFileReference; lastKnownFileType = sourcecode.swift; path = HNApi.swift; sourceTree = "<group>"; };
		A434C2DF2A8E75960002F488 /* WebView.swift */ = {isa = PBXFileReference; lastKnownFileType = sourcecode.swift; path = WebView.swift; sourceTree = "<group>"; };
		A439A8EB2D4194B100452940 /* Font.swift */ = {isa = PBXFileReference; lastKnownFileType = sourcecode.swift; path = Font.swift; sourceTree = "<group>"; };
		A439A8ED2D429E2500452940 /* HackerNews.entitlements */ = {isa = PBXFileReference; lastKnownFileType = text.plist.entitlements; path = HackerNews.entitlements; sourceTree = "<group>"; };
		A45C2C7D2A5DDE25009BC030 /* README.txt */ = {isa = PBXFileReference; fileEncoding = 4; lastKnownFileType = text; path = README.txt; sourceTree = "<group>"; };
		A45C2C7E2A5DDE25009BC030 /* Pluginfile */ = {isa = PBXFileReference; fileEncoding = 4; lastKnownFileType = text; path = Pluginfile; sourceTree = "<group>"; };
		A45C2C7F2A5DDE25009BC030 /* Appfile */ = {isa = PBXFileReference; fileEncoding = 4; lastKnownFileType = text; path = Appfile; sourceTree = "<group>"; };
		A45C2C802A5DDE25009BC030 /* Deliverfile */ = {isa = PBXFileReference; fileEncoding = 4; lastKnownFileType = text; path = Deliverfile; sourceTree = "<group>"; };
		A45C2C812A5DDE25009BC030 /* Fastfile */ = {isa = PBXFileReference; fileEncoding = 4; lastKnownFileType = text; path = Fastfile; sourceTree = "<group>"; };
		A45C2C832A5DDE25009BC030 /* copyright.txt */ = {isa = PBXFileReference; fileEncoding = 4; lastKnownFileType = text; path = copyright.txt; sourceTree = "<group>"; };
		A45C2C842A5DDE25009BC030 /* secondary_first_sub_category.txt */ = {isa = PBXFileReference; fileEncoding = 4; lastKnownFileType = text; path = secondary_first_sub_category.txt; sourceTree = "<group>"; };
		A45C2C852A5DDE25009BC030 /* secondary_category.txt */ = {isa = PBXFileReference; fileEncoding = 4; lastKnownFileType = text; path = secondary_category.txt; sourceTree = "<group>"; };
		A45C2C862A5DDE25009BC030 /* secondary_second_sub_category.txt */ = {isa = PBXFileReference; fileEncoding = 4; lastKnownFileType = text; path = secondary_second_sub_category.txt; sourceTree = "<group>"; };
		A45C2C872A5DDE25009BC030 /* primary_second_sub_category.txt */ = {isa = PBXFileReference; fileEncoding = 4; lastKnownFileType = text; path = primary_second_sub_category.txt; sourceTree = "<group>"; };
		A45C2C892A5DDE25009BC030 /* phone_number.txt */ = {isa = PBXFileReference; fileEncoding = 4; lastKnownFileType = text; path = phone_number.txt; sourceTree = "<group>"; };
		A45C2C8A2A5DDE25009BC030 /* demo_user.txt */ = {isa = PBXFileReference; fileEncoding = 4; lastKnownFileType = text; path = demo_user.txt; sourceTree = "<group>"; };
		A45C2C8B2A5DDE25009BC030 /* notes.txt */ = {isa = PBXFileReference; fileEncoding = 4; lastKnownFileType = text; path = notes.txt; sourceTree = "<group>"; };
		A45C2C8C2A5DDE25009BC030 /* email_address.txt */ = {isa = PBXFileReference; fileEncoding = 4; lastKnownFileType = text; path = email_address.txt; sourceTree = "<group>"; };
		A45C2C8D2A5DDE25009BC030 /* last_name.txt */ = {isa = PBXFileReference; fileEncoding = 4; lastKnownFileType = text; path = last_name.txt; sourceTree = "<group>"; };
		A45C2C8E2A5DDE25009BC030 /* first_name.txt */ = {isa = PBXFileReference; fileEncoding = 4; lastKnownFileType = text; path = first_name.txt; sourceTree = "<group>"; };
		A45C2C8F2A5DDE25009BC030 /* demo_password.txt */ = {isa = PBXFileReference; fileEncoding = 4; lastKnownFileType = text; path = demo_password.txt; sourceTree = "<group>"; };
		A45C2C902A5DDE25009BC030 /* primary_first_sub_category.txt */ = {isa = PBXFileReference; fileEncoding = 4; lastKnownFileType = text; path = primary_first_sub_category.txt; sourceTree = "<group>"; };
		A45C2C922A5DDE25009BC030 /* privacy_url.txt */ = {isa = PBXFileReference; fileEncoding = 4; lastKnownFileType = text; path = privacy_url.txt; sourceTree = "<group>"; };
		A45C2C932A5DDE25009BC030 /* subtitle.txt */ = {isa = PBXFileReference; fileEncoding = 4; lastKnownFileType = text; path = subtitle.txt; sourceTree = "<group>"; };
		A45C2C942A5DDE25009BC030 /* support_url.txt */ = {isa = PBXFileReference; fileEncoding = 4; lastKnownFileType = text; path = support_url.txt; sourceTree = "<group>"; };
		A45C2C952A5DDE25009BC030 /* keywords.txt */ = {isa = PBXFileReference; fileEncoding = 4; lastKnownFileType = text; path = keywords.txt; sourceTree = "<group>"; };
		A45C2C962A5DDE25009BC030 /* apple_tv_privacy_policy.txt */ = {isa = PBXFileReference; fileEncoding = 4; lastKnownFileType = text; path = apple_tv_privacy_policy.txt; sourceTree = "<group>"; };
		A45C2C972A5DDE25009BC030 /* promotional_text.txt */ = {isa = PBXFileReference; fileEncoding = 4; lastKnownFileType = text; path = promotional_text.txt; sourceTree = "<group>"; };
		A45C2C982A5DDE25009BC030 /* release_notes.txt */ = {isa = PBXFileReference; fileEncoding = 4; lastKnownFileType = text; path = release_notes.txt; sourceTree = "<group>"; };
		A45C2C992A5DDE25009BC030 /* name.txt */ = {isa = PBXFileReference; fileEncoding = 4; lastKnownFileType = text; path = name.txt; sourceTree = "<group>"; };
		A45C2C9A2A5DDE25009BC030 /* marketing_url.txt */ = {isa = PBXFileReference; fileEncoding = 4; lastKnownFileType = text; path = marketing_url.txt; sourceTree = "<group>"; };
		A45C2C9B2A5DDE25009BC030 /* description.txt */ = {isa = PBXFileReference; fileEncoding = 4; lastKnownFileType = text; path = description.txt; sourceTree = "<group>"; };
		A45C2C9C2A5DDE25009BC030 /* primary_category.txt */ = {isa = PBXFileReference; fileEncoding = 4; lastKnownFileType = text; path = primary_category.txt; sourceTree = "<group>"; };
		A45C2CBB2A5F0A41009BC030 /* Hacker-News-Info.plist */ = {isa = PBXFileReference; lastKnownFileType = text.plist.xml; path = "Hacker-News-Info.plist"; sourceTree = SOURCE_ROOT; };
		A47309B52AA7D1F600201376 /* CommentRow.swift */ = {isa = PBXFileReference; lastKnownFileType = sourcecode.swift; path = CommentRow.swift; sourceTree = "<group>"; };
		A48C0DE62A9818A50034CC0A /* CommentsScreen.swift */ = {isa = PBXFileReference; lastKnownFileType = sourcecode.swift; path = CommentsScreen.swift; sourceTree = "<group>"; };
		A48C0DE92A9819E00034CC0A /* CommentsViewModel.swift */ = {isa = PBXFileReference; lastKnownFileType = sourcecode.swift; path = CommentsViewModel.swift; sourceTree = "<group>"; };
		A495A6672CED57FA009A2A6B /* SwiftSnapshotTest.swift */ = {isa = PBXFileReference; lastKnownFileType = sourcecode.swift; path = SwiftSnapshotTest.swift; sourceTree = "<group>"; };
		C3AC6AD32CB6E7FD006BD22D /* HackerNewsPreviewTest.swift */ = {isa = PBXFileReference; lastKnownFileType = sourcecode.swift; path = HackerNewsPreviewTest.swift; sourceTree = "<group>"; };
		C3AC6AD52CB6E816006BD22D /* HackerNewsSnapshotTest.swift */ = {isa = PBXFileReference; lastKnownFileType = sourcecode.swift; path = HackerNewsSnapshotTest.swift; sourceTree = "<group>"; };
		C3AC6AD72CB6E854006BD22D /* HackerNews.xctestplan */ = {isa = PBXFileReference; lastKnownFileType = text; path = HackerNews.xctestplan; sourceTree = "<group>"; };
		EC0B1C742D1A34110000C3AC /* CommentsHeader.swift */ = {isa = PBXFileReference; lastKnownFileType = sourcecode.swift; path = CommentsHeader.swift; sourceTree = "<group>"; };
		EC29FDA62CFFD074007B1AE9 /* BookmarksScreen.swift */ = {isa = PBXFileReference; lastKnownFileType = sourcecode.swift; path = BookmarksScreen.swift; sourceTree = "<group>"; };
		EC29FDA82CFFD0B5007B1AE9 /* SettingsScreen.swift */ = {isa = PBXFileReference; lastKnownFileType = sourcecode.swift; path = SettingsScreen.swift; sourceTree = "<group>"; };
		EC70E1602D1DD82B00582023 /* HNWebClient.swift */ = {isa = PBXFileReference; lastKnownFileType = sourcecode.swift; path = HNWebClient.swift; sourceTree = "<group>"; };
		EC882BB12D23A8A70065FEC0 /* LoginScreen.swift */ = {isa = PBXFileReference; lastKnownFileType = sourcecode.swift; path = LoginScreen.swift; sourceTree = "<group>"; };
		ECC0BC8B2D39CDCB00ABB263 /* CommentComposer.swift */ = {isa = PBXFileReference; lastKnownFileType = sourcecode.swift; path = CommentComposer.swift; sourceTree = "<group>"; };
		ECC0BC8E2D3A34A600ABB263 /* Bookmarks.swift */ = {isa = PBXFileReference; lastKnownFileType = sourcecode.swift; path = Bookmarks.swift; sourceTree = "<group>"; };
		ECC0BC902D3B1FEC00ABB263 /* LoginRow.swift */ = {isa = PBXFileReference; lastKnownFileType = sourcecode.swift; path = LoginRow.swift; sourceTree = "<group>"; };
		ECC0BC922D3B268C00ABB263 /* SettingsRow.swift */ = {isa = PBXFileReference; lastKnownFileType = sourcecode.swift; path = SettingsRow.swift; sourceTree = "<group>"; };
		ECCE8F252D03815300349733 /* Pager.swift */ = {isa = PBXFileReference; lastKnownFileType = sourcecode.swift; path = Pager.swift; sourceTree = "<group>"; };
		ECE608522D338B3E008B1618 /* ibm_plex_sans_bold.ttf */ = {isa = PBXFileReference; lastKnownFileType = file; path = ibm_plex_sans_bold.ttf; sourceTree = "<group>"; };
		ECE608532D338B3E008B1618 /* ibm_plex_sans_medium.ttf */ = {isa = PBXFileReference; lastKnownFileType = file; path = ibm_plex_sans_medium.ttf; sourceTree = "<group>"; };
		ECE608542D338B3E008B1618 /* ibm_plex_sans_regular.ttf */ = {isa = PBXFileReference; lastKnownFileType = file; path = ibm_plex_sans_regular.ttf; sourceTree = "<group>"; };
		ECE608552D338B3E008B1618 /* unbounded.ttf */ = {isa = PBXFileReference; lastKnownFileType = file; path = unbounded.ttf; sourceTree = "<group>"; };
/* End PBXFileReference section */

/* Begin PBXFrameworksBuildPhase section */
		A42705762A4293B10057E439 /* Frameworks */ = {
			isa = PBXFrameworksBuildPhase;
			buildActionMask = 2147483647;
			files = (
				A47309B42AA29D9600201376 /* SwiftSoup in Frameworks */,
				A4D28AEE2C237E2A007F20D0 /* SnapshotPreferences in Frameworks */,
				A495B2952BFEA11B00A8A8A9 /* Reaper in Frameworks */,
				A9DF68FF511E48048B0A703D /* Sentry in Frameworks */,
			);
			runOnlyForDeploymentPostprocessing = 0;
		};
		A42705862A4293B30057E439 /* Frameworks */ = {
			isa = PBXFrameworksBuildPhase;
			buildActionMask = 2147483647;
			files = (
				A495A6662CED57BB009A2A6B /* SnapshotTesting in Frameworks */,
				C3AC6AD92CB6E8F7006BD22D /* SnapshottingTests in Frameworks */,
				A4BED5C32AD5E083001642B3 /* (null) in Frameworks */,
			);
			runOnlyForDeploymentPostprocessing = 0;
		};
		A42705902A4293B30057E439 /* Frameworks */ = {
			isa = PBXFrameworksBuildPhase;
			buildActionMask = 2147483647;
			files = (
				A4D28AF02C237E2A007F20D0 /* SnapshottingTests in Frameworks */,
				A4BED5C42AD5E083001642B3 /* (null) in Frameworks */,
			);
			runOnlyForDeploymentPostprocessing = 0;
		};
/* End PBXFrameworksBuildPhase section */

/* Begin PBXGroup section */
		1DF162012A436E6E001A3F76 /* Utils */ = {
			isa = PBXGroup;
			children = (
				1DF161FF2A4365A1001A3F76 /* Colors.swift */,
				1DF162022A436E7B001A3F76 /* DateUtils.swift */,
				A413E8562A8C40E800C0F867 /* Extensions.swift */,
				A423B0692BAE061600267DDB /* Flags.swift */,
				A439A8EB2D4194B100452940 /* Font.swift */,
				ECCE8F252D03815300349733 /* Pager.swift */,
				A40DC1F92C20D8B60055B920 /* Previews.swift */,
			);
			path = Utils;
			sourceTree = "<group>";
		};
		1DF162042A436E8D001A3F76 /* Network */ = {
			isa = PBXGroup;
			children = (
				A42705AC2A429D2E0057E439 /* HNApi.swift */,
				EC70E1602D1DD82B00582023 /* HNWebClient.swift */,
				A423B0672BAE05FB00267DDB /* NetworkDebugger.swift */,
			);
			path = Network;
			sourceTree = "<group>";
		};
		A42705702A4293B10057E439 = {
			isa = PBXGroup;
			children = (
				C3AC6AD72CB6E854006BD22D /* HackerNews.xctestplan */,
				A45C2C7B2A5DDE25009BC030 /* fastlane */,
				A427057B2A4293B10057E439 /* HackerNews */,
				A427058C2A4293B30057E439 /* HackerNewsTests */,
				A42705962A4293B30057E439 /* HackerNewsUITests */,
				A427057A2A4293B10057E439 /* Products */,
				A4BED5AB2ACDFDCF001642B3 /* Frameworks */,
				ECE608492D338A43008B1618 /* Font */,
			);
			sourceTree = "<group>";
		};
		A427057A2A4293B10057E439 /* Products */ = {
			isa = PBXGroup;
			children = (
				A42705792A4293B10057E439 /* HackerNews.app */,
				A42705892A4293B30057E439 /* HackerNewsTests.xctest */,
				A42705932A4293B30057E439 /* HackerNewsUITests.xctest */,
			);
			name = Products;
			sourceTree = "<group>";
		};
		A427057B2A4293B10057E439 /* HackerNews */ = {
			isa = PBXGroup;
			children = (
				A439A8E52D418CEE00452940 /* Auth */,
				A439A8EA2D418D4C00452940 /* Bookmarks */,
				A439A8E32D418CB500452940 /* Comments */,
				ECC0BC8D2D3A348A00ABB263 /* Data */,
				A439A8E82D418D3D00452940 /* Feed */,
				1DF162042A436E8D001A3F76 /* Network */,
				A439A8E72D418D1100452940 /* Settings */,
				A439A8E42D418CC900452940 /* Stories */,
				1DF162012A436E6E001A3F76 /* Utils */,
				A439A8E62D418D0300452940 /* Web */,
				A42705A62A42949D0057E439 /* AppViewModel.swift */,
				A427057E2A4293B10057E439 /* ContentView.swift */,
				A427057C2A4293B10057E439 /* HNApp.swift */,
				A42705802A4293B20057E439 /* Assets.xcassets */,
				A42705832A4293B20057E439 /* Preview Assets.xcassets */,
				A45C2CBB2A5F0A41009BC030 /* Hacker-News-Info.plist */,
				A439A8ED2D429E2500452940 /* HackerNews.entitlements */,
			);
			path = HackerNews;
			sourceTree = "<group>";
		};
		A427058C2A4293B30057E439 /* HackerNewsTests */ = {
			isa = PBXGroup;
			children = (
				A495A6672CED57FA009A2A6B /* SwiftSnapshotTest.swift */,
				A427058D2A4293B30057E439 /* Hacker_NewsTests.swift */,
				C3AC6AD32CB6E7FD006BD22D /* HackerNewsPreviewTest.swift */,
				C3AC6AD52CB6E816006BD22D /* HackerNewsSnapshotTest.swift */,
			);
			path = HackerNewsTests;
			sourceTree = "<group>";
		};
		A42705962A4293B30057E439 /* HackerNewsUITests */ = {
			isa = PBXGroup;
			children = (
				A42705972A4293B30057E439 /* Hacker_NewsUITests.swift */,
				A42705992A4293B30057E439 /* Hacker_NewsUITestsLaunchTests.swift */,
			);
			path = HackerNewsUITests;
			sourceTree = "<group>";
		};
		A439A8E32D418CB500452940 /* Comments */ = {
			isa = PBXGroup;
			children = (
				ECC0BC8B2D39CDCB00ABB263 /* CommentComposer.swift */,
				A47309B52AA7D1F600201376 /* CommentRow.swift */,
				EC0B1C742D1A34110000C3AC /* CommentsHeader.swift */,
				A48C0DE62A9818A50034CC0A /* CommentsScreen.swift */,
				A48C0DE92A9819E00034CC0A /* CommentsViewModel.swift */,
			);
			path = Comments;
			sourceTree = "<group>";
		};
		A439A8E42D418CC900452940 /* Stories */ = {
			isa = PBXGroup;
			children = (
				1DF161F92A4346F6001A3F76 /* StoryRow.swift */,
			);
			path = Stories;
			sourceTree = "<group>";
		};
		A439A8E52D418CEE00452940 /* Auth */ = {
			isa = PBXGroup;
			children = (
				EC882BB12D23A8A70065FEC0 /* LoginScreen.swift */,
				ECC0BC902D3B1FEC00ABB263 /* LoginRow.swift */,
			);
			path = Auth;
			sourceTree = "<group>";
		};
		A439A8E62D418D0300452940 /* Web */ = {
			isa = PBXGroup;
			children = (
				A434C2DF2A8E75960002F488 /* WebView.swift */,
			);
			path = Web;
			sourceTree = "<group>";
		};
		A439A8E72D418D1100452940 /* Settings */ = {
			isa = PBXGroup;
			children = (
				EC29FDA82CFFD0B5007B1AE9 /* SettingsScreen.swift */,
				ECC0BC922D3B268C00ABB263 /* SettingsRow.swift */,
			);
			path = Settings;
			sourceTree = "<group>";
		};
		A439A8E82D418D3D00452940 /* Feed */ = {
			isa = PBXGroup;
			children = (
				A42705AA2A4296BA0057E439 /* FeedScreen.swift */,
			);
			path = Feed;
			sourceTree = "<group>";
		};
		A439A8EA2D418D4C00452940 /* Bookmarks */ = {
			isa = PBXGroup;
			children = (
				EC29FDA62CFFD074007B1AE9 /* BookmarksScreen.swift */,
			);
			path = Bookmarks;
			sourceTree = "<group>";
		};
		A45C2C7B2A5DDE25009BC030 /* fastlane */ = {
			isa = PBXGroup;
			children = (
				A45C2C7C2A5DDE25009BC030 /* screenshots */,
				A45C2C7E2A5DDE25009BC030 /* Pluginfile */,
				A45C2C7F2A5DDE25009BC030 /* Appfile */,
				A45C2C802A5DDE25009BC030 /* Deliverfile */,
				A45C2C812A5DDE25009BC030 /* Fastfile */,
				A45C2C822A5DDE25009BC030 /* metadata */,
			);
			path = fastlane;
			sourceTree = "<group>";
		};
		A45C2C7C2A5DDE25009BC030 /* screenshots */ = {
			isa = PBXGroup;
			children = (
				A45C2C7D2A5DDE25009BC030 /* README.txt */,
			);
			path = screenshots;
			sourceTree = "<group>";
		};
		A45C2C822A5DDE25009BC030 /* metadata */ = {
			isa = PBXGroup;
			children = (
				A45C2C832A5DDE25009BC030 /* copyright.txt */,
				A45C2C842A5DDE25009BC030 /* secondary_first_sub_category.txt */,
				A45C2C852A5DDE25009BC030 /* secondary_category.txt */,
				A45C2C862A5DDE25009BC030 /* secondary_second_sub_category.txt */,
				A45C2C872A5DDE25009BC030 /* primary_second_sub_category.txt */,
				A45C2C882A5DDE25009BC030 /* review_information */,
				A45C2C902A5DDE25009BC030 /* primary_first_sub_category.txt */,
				A45C2C912A5DDE25009BC030 /* en-US */,
				A45C2C9C2A5DDE25009BC030 /* primary_category.txt */,
			);
			path = metadata;
			sourceTree = "<group>";
		};
		A45C2C882A5DDE25009BC030 /* review_information */ = {
			isa = PBXGroup;
			children = (
				A45C2C892A5DDE25009BC030 /* phone_number.txt */,
				A45C2C8A2A5DDE25009BC030 /* demo_user.txt */,
				A45C2C8B2A5DDE25009BC030 /* notes.txt */,
				A45C2C8C2A5DDE25009BC030 /* email_address.txt */,
				A45C2C8D2A5DDE25009BC030 /* last_name.txt */,
				A45C2C8E2A5DDE25009BC030 /* first_name.txt */,
				A45C2C8F2A5DDE25009BC030 /* demo_password.txt */,
			);
			path = review_information;
			sourceTree = "<group>";
		};
		A45C2C912A5DDE25009BC030 /* en-US */ = {
			isa = PBXGroup;
			children = (
				A45C2C922A5DDE25009BC030 /* privacy_url.txt */,
				A45C2C932A5DDE25009BC030 /* subtitle.txt */,
				A45C2C942A5DDE25009BC030 /* support_url.txt */,
				A45C2C952A5DDE25009BC030 /* keywords.txt */,
				A45C2C962A5DDE25009BC030 /* apple_tv_privacy_policy.txt */,
				A45C2C972A5DDE25009BC030 /* promotional_text.txt */,
				A45C2C982A5DDE25009BC030 /* release_notes.txt */,
				A45C2C992A5DDE25009BC030 /* name.txt */,
				A45C2C9A2A5DDE25009BC030 /* marketing_url.txt */,
				A45C2C9B2A5DDE25009BC030 /* description.txt */,
			);
			path = "en-US";
			sourceTree = "<group>";
		};
		A4BED5AB2ACDFDCF001642B3 /* Frameworks */ = {
			isa = PBXGroup;
			children = (
			);
			name = Frameworks;
			sourceTree = "<group>";
		};
		ECC0BC8D2D3A348A00ABB263 /* Data */ = {
			isa = PBXGroup;
			children = (
				ECC0BC8E2D3A34A600ABB263 /* Bookmarks.swift */,
			);
			path = Data;
			sourceTree = "<group>";
		};
		ECE608492D338A43008B1618 /* Font */ = {
			isa = PBXGroup;
			children = (
				ECE608522D338B3E008B1618 /* ibm_plex_sans_bold.ttf */,
				ECE608532D338B3E008B1618 /* ibm_plex_sans_medium.ttf */,
				ECE608542D338B3E008B1618 /* ibm_plex_sans_regular.ttf */,
				ECE608552D338B3E008B1618 /* unbounded.ttf */,
			);
			path = Font;
			sourceTree = "<group>";
		};
/* End PBXGroup section */

/* Begin PBXNativeTarget section */
		A42705782A4293B10057E439 /* HackerNews */ = {
			isa = PBXNativeTarget;
			buildConfigurationList = A427059D2A4293B30057E439 /* Build configuration list for PBXNativeTarget "HackerNews" */;
			buildPhases = (
				A42705752A4293B10057E439 /* Sources */,
				A42705762A4293B10057E439 /* Frameworks */,
				A42705772A4293B10057E439 /* Resources */,
				A42705AE2A44C35D0057E439 /* Strip Symbols */,
				A4D28AE92C237BAE007F20D0 /* Embed Frameworks */,
			);
			buildRules = (
			);
			dependencies = (
			);
			name = HackerNews;
			packageProductDependencies = (
				A47309B32AA29D9600201376 /* SwiftSoup */,
				673236B0A4D04137A0D80A76 /* Sentry */,
				A495B2942BFEA11B00A8A8A9 /* Reaper */,
				A4D28AED2C237E2A007F20D0 /* SnapshotPreferences */,
			);
			productName = HackerNews;
			productReference = A42705792A4293B10057E439 /* HackerNews.app */;
			productType = "com.apple.product-type.application";
		};
		A42705882A4293B30057E439 /* HackerNewsTests */ = {
			isa = PBXNativeTarget;
			buildConfigurationList = A42705A02A4293B30057E439 /* Build configuration list for PBXNativeTarget "HackerNewsTests" */;
			buildPhases = (
				A42705852A4293B30057E439 /* Sources */,
				A42705862A4293B30057E439 /* Frameworks */,
				A42705872A4293B30057E439 /* Resources */,
			);
			buildRules = (
			);
			dependencies = (
				A427058B2A4293B30057E439 /* PBXTargetDependency */,
			);
			name = HackerNewsTests;
			productName = HackerNewsTests;
			productReference = A42705892A4293B30057E439 /* HackerNewsTests.xctest */;
			productType = "com.apple.product-type.bundle.unit-test";
		};
		A42705922A4293B30057E439 /* HackerNewsUITests */ = {
			isa = PBXNativeTarget;
			buildConfigurationList = A42705A32A4293B30057E439 /* Build configuration list for PBXNativeTarget "HackerNewsUITests" */;
			buildPhases = (
				A427058F2A4293B30057E439 /* Sources */,
				A42705902A4293B30057E439 /* Frameworks */,
				A42705912A4293B30057E439 /* Resources */,
			);
			buildRules = (
			);
			dependencies = (
				A42705952A4293B30057E439 /* PBXTargetDependency */,
			);
			name = HackerNewsUITests;
			packageProductDependencies = (
				A4D28AEF2C237E2A007F20D0 /* SnapshottingTests */,
			);
			productName = HackerNewsUITests;
			productReference = A42705932A4293B30057E439 /* HackerNewsUITests.xctest */;
			productType = "com.apple.product-type.bundle.ui-testing";
		};
/* End PBXNativeTarget section */

/* Begin PBXProject section */
		A42705712A4293B10057E439 /* Project object */ = {
			isa = PBXProject;
			attributes = {
				BuildIndependentTargetsInParallel = 1;
				LastSwiftUpdateCheck = 1430;
				LastUpgradeCheck = 1620;
				TargetAttributes = {
					A42705782A4293B10057E439 = {
						CreatedOnToolsVersion = 14.3.1;
					};
					A42705882A4293B30057E439 = {
						CreatedOnToolsVersion = 14.3.1;
						TestTargetID = A42705782A4293B10057E439;
					};
					A42705922A4293B30057E439 = {
						CreatedOnToolsVersion = 14.3.1;
						TestTargetID = A42705782A4293B10057E439;
					};
				};
			};
			buildConfigurationList = A42705742A4293B10057E439 /* Build configuration list for PBXProject "HackerNews" */;
			compatibilityVersion = "Xcode 14.0";
			developmentRegion = en;
			hasScannedForEncodings = 0;
			knownRegions = (
				en,
				Base,
			);
			mainGroup = A42705702A4293B10057E439;
			packageReferences = (
				A47309B22AA29D9600201376 /* XCRemoteSwiftPackageReference "SwiftSoup" */,
				995A2BEDEF224F7085D3DB13 /* XCRemoteSwiftPackageReference "sentry-cocoa" */,
				A495B2932BFEA11B00A8A8A9 /* XCRemoteSwiftPackageReference "Reaper" */,
				A4D28AEC2C237E2A007F20D0 /* XCRemoteSwiftPackageReference "SnapshotPreviews-iOS" */,
				A495A6642CED57BB009A2A6B /* XCRemoteSwiftPackageReference "swift-snapshot-testing" */,
			);
			productRefGroup = A427057A2A4293B10057E439 /* Products */;
			projectDirPath = "";
			projectRoot = "";
			targets = (
				A42705782A4293B10057E439 /* HackerNews */,
				A42705882A4293B30057E439 /* HackerNewsTests */,
				A42705922A4293B30057E439 /* HackerNewsUITests */,
			);
		};
/* End PBXProject section */

/* Begin PBXResourcesBuildPhase section */
		A42705772A4293B10057E439 /* Resources */ = {
			isa = PBXResourcesBuildPhase;
			buildActionMask = 2147483647;
			files = (
				ECE608562D338B3E008B1618 /* ibm_plex_sans_medium.ttf in Resources */,
				ECE608572D338B3E008B1618 /* ibm_plex_sans_bold.ttf in Resources */,
				ECE608582D338B3E008B1618 /* ibm_plex_sans_regular.ttf in Resources */,
				ECE608592D338B3E008B1618 /* unbounded.ttf in Resources */,
				A42705842A4293B20057E439 /* Preview Assets.xcassets in Resources */,
				A42705812A4293B20057E439 /* Assets.xcassets in Resources */,
			);
			runOnlyForDeploymentPostprocessing = 0;
		};
		A42705872A4293B30057E439 /* Resources */ = {
			isa = PBXResourcesBuildPhase;
			buildActionMask = 2147483647;
			files = (
			);
			runOnlyForDeploymentPostprocessing = 0;
		};
		A42705912A4293B30057E439 /* Resources */ = {
			isa = PBXResourcesBuildPhase;
			buildActionMask = 2147483647;
			files = (
			);
			runOnlyForDeploymentPostprocessing = 0;
		};
/* End PBXResourcesBuildPhase section */

/* Begin PBXShellScriptBuildPhase section */
		A42705AE2A44C35D0057E439 /* Strip Symbols */ = {
			isa = PBXShellScriptBuildPhase;
			alwaysOutOfDate = 1;
			buildActionMask = 2147483647;
			files = (
			);
			inputFileListPaths = (
			);
			inputPaths = (
				"${DWARF_DSYM_FOLDER_PATH}/${DWARF_DSYM_FILE_NAME}/Contents/Resources/DWARF/${TARGET_NAME}",
			);
			name = "Strip Symbols";
			outputFileListPaths = (
			);
			outputPaths = (
			);
			runOnlyForDeploymentPostprocessing = 0;
			shellPath = /bin/sh;
			shellScript = "#!/bin/bash\nset -e\n\nif [ \"Release\" = \"${CONFIGURATION}\" ]; then\n  # Path to the app directory\n  APP_DIR_PATH=\"${BUILT_PRODUCTS_DIR}/${EXECUTABLE_FOLDER_PATH}\"\n  # Strip main binary\n  strip -rSTx \"${APP_DIR_PATH}/${EXECUTABLE_NAME}\"\n  # Path to the Frameworks directory\n  APP_FRAMEWORKS_DIR=\"${APP_DIR_PATH}/Frameworks\"\n\n  # Strip symbols from frameworks, if Frameworks/ exists at all\n  # ... as long as the framework is NOT signed by Apple\n  if [ -d \"${APP_FRAMEWORKS_DIR}\" ]\n  then\n    find \"${APP_FRAMEWORKS_DIR}\" -type f -perm +111 -maxdepth 2 -mindepth 2 -exec bash -c '\n    codesign -v -R=\"anchor apple\" \"{}\" &> /dev/null ||\n    (\n        echo \"Stripping {}\" &&\n        if [ -w \"{}\" ]; then\n            strip -rSTx \"{}\"\n        else\n            echo \"Warning: No write permission for {}\"\n        fi\n    )\n    ' \\;\n  fi\nfi\n";
		};
/* End PBXShellScriptBuildPhase section */

/* Begin PBXSourcesBuildPhase section */
		A42705752A4293B10057E439 /* Sources */ = {
			isa = PBXSourcesBuildPhase;
			buildActionMask = 2147483647;
			files = (
				A423B06A2BAE061600267DDB /* Flags.swift in Sources */,
				EC29FDA92CFFD0B5007B1AE9 /* SettingsScreen.swift in Sources */,
				1DF161FA2A4346F6001A3F76 /* StoryRow.swift in Sources */,
				1DF162002A4365A1001A3F76 /* Colors.swift in Sources */,
				A42705AB2A4296BA0057E439 /* FeedScreen.swift in Sources */,
				EC882BB22D23A8A70065FEC0 /* LoginScreen.swift in Sources */,
				A40DC1FA2C20D8B60055B920 /* Previews.swift in Sources */,
				A427057F2A4293B10057E439 /* ContentView.swift in Sources */,
				1DF162032A436E7B001A3F76 /* DateUtils.swift in Sources */,
				A413E8572A8C40E800C0F867 /* Extensions.swift in Sources */,
				EC29FDA72CFFD074007B1AE9 /* BookmarksScreen.swift in Sources */,
				EC0B1C752D1A34110000C3AC /* CommentsHeader.swift in Sources */,
				A427057D2A4293B10057E439 /* HNApp.swift in Sources */,
				EC70E1612D1DD82B00582023 /* HNWebClient.swift in Sources */,
				A434C2E02A8E75960002F488 /* WebView.swift in Sources */,
				ECC0BC932D3B268C00ABB263 /* SettingsRow.swift in Sources */,
				A49933942AA28B5900DED8B1 /* CommentsViewModel.swift in Sources */,
				A47309B62AA7D1F600201376 /* CommentRow.swift in Sources */,
				A49933952AA28B6500DED8B1 /* CommentsScreen.swift in Sources */,
				A42705A72A42949D0057E439 /* AppViewModel.swift in Sources */,
				ECC0BC8F2D3A34A600ABB263 /* Bookmarks.swift in Sources */,
				A42705AD2A429D2E0057E439 /* HNApi.swift in Sources */,
				ECC0BC912D3B1FEC00ABB263 /* LoginRow.swift in Sources */,
				A439A8EC2D4194B100452940 /* Font.swift in Sources */,
				ECC0BC8C2D39CDCB00ABB263 /* CommentComposer.swift in Sources */,
				A423B0682BAE05FB00267DDB /* NetworkDebugger.swift in Sources */,
				ECCE8F262D03815300349733 /* Pager.swift in Sources */,
			);
			runOnlyForDeploymentPostprocessing = 0;
		};
		A42705852A4293B30057E439 /* Sources */ = {
			isa = PBXSourcesBuildPhase;
			buildActionMask = 2147483647;
			files = (
				A427058E2A4293B30057E439 /* Hacker_NewsTests.swift in Sources */,
				C3AC6AD62CB6E81B006BD22D /* HackerNewsSnapshotTest.swift in Sources */,
				C3AC6AD42CB6E806006BD22D /* HackerNewsPreviewTest.swift in Sources */,
				A495A6682CED5800009A2A6B /* SwiftSnapshotTest.swift in Sources */,
			);
			runOnlyForDeploymentPostprocessing = 0;
		};
		A427058F2A4293B30057E439 /* Sources */ = {
			isa = PBXSourcesBuildPhase;
			buildActionMask = 2147483647;
			files = (
				A42705982A4293B30057E439 /* Hacker_NewsUITests.swift in Sources */,
				A427059A2A4293B30057E439 /* Hacker_NewsUITestsLaunchTests.swift in Sources */,
			);
			runOnlyForDeploymentPostprocessing = 0;
		};
/* End PBXSourcesBuildPhase section */

/* Begin PBXTargetDependency section */
		A427058B2A4293B30057E439 /* PBXTargetDependency */ = {
			isa = PBXTargetDependency;
			target = A42705782A4293B10057E439 /* HackerNews */;
			targetProxy = A427058A2A4293B30057E439 /* PBXContainerItemProxy */;
		};
		A42705952A4293B30057E439 /* PBXTargetDependency */ = {
			isa = PBXTargetDependency;
			target = A42705782A4293B10057E439 /* HackerNews */;
			targetProxy = A42705942A4293B30057E439 /* PBXContainerItemProxy */;
		};
/* End PBXTargetDependency section */

/* Begin XCBuildConfiguration section */
		A427059B2A4293B30057E439 /* Debug */ = {
			isa = XCBuildConfiguration;
			buildSettings = {
				ALWAYS_SEARCH_USER_PATHS = NO;
				ASSETCATALOG_COMPILER_GENERATE_SWIFT_ASSET_SYMBOL_EXTENSIONS = YES;
				CLANG_ANALYZER_NONNULL = YES;
				CLANG_ANALYZER_NUMBER_OBJECT_CONVERSION = YES_AGGRESSIVE;
				CLANG_CXX_LANGUAGE_STANDARD = "gnu++20";
				CLANG_ENABLE_MODULES = YES;
				CLANG_ENABLE_OBJC_ARC = YES;
				CLANG_ENABLE_OBJC_WEAK = YES;
				CLANG_WARN_BLOCK_CAPTURE_AUTORELEASING = YES;
				CLANG_WARN_BOOL_CONVERSION = YES;
				CLANG_WARN_COMMA = YES;
				CLANG_WARN_CONSTANT_CONVERSION = YES;
				CLANG_WARN_DEPRECATED_OBJC_IMPLEMENTATIONS = YES;
				CLANG_WARN_DIRECT_OBJC_ISA_USAGE = YES_ERROR;
				CLANG_WARN_DOCUMENTATION_COMMENTS = YES;
				CLANG_WARN_EMPTY_BODY = YES;
				CLANG_WARN_ENUM_CONVERSION = YES;
				CLANG_WARN_INFINITE_RECURSION = YES;
				CLANG_WARN_INT_CONVERSION = YES;
				CLANG_WARN_NON_LITERAL_NULL_CONVERSION = YES;
				CLANG_WARN_OBJC_IMPLICIT_RETAIN_SELF = YES;
				CLANG_WARN_OBJC_LITERAL_CONVERSION = YES;
				CLANG_WARN_OBJC_ROOT_CLASS = YES_ERROR;
				CLANG_WARN_QUOTED_INCLUDE_IN_FRAMEWORK_HEADER = YES;
				CLANG_WARN_RANGE_LOOP_ANALYSIS = YES;
				CLANG_WARN_STRICT_PROTOTYPES = YES;
				CLANG_WARN_SUSPICIOUS_MOVE = YES;
				CLANG_WARN_UNGUARDED_AVAILABILITY = YES_AGGRESSIVE;
				CLANG_WARN_UNREACHABLE_CODE = YES;
				CLANG_WARN__DUPLICATE_METHOD_MATCH = YES;
				COPY_PHASE_STRIP = NO;
				DEBUG_INFORMATION_FORMAT = dwarf;
				ENABLE_STRICT_OBJC_MSGSEND = YES;
				ENABLE_TESTABILITY = YES;
				ENABLE_USER_SCRIPT_SANDBOXING = YES;
				GCC_C_LANGUAGE_STANDARD = gnu11;
				GCC_DYNAMIC_NO_PIC = NO;
				GCC_NO_COMMON_BLOCKS = YES;
				GCC_OPTIMIZATION_LEVEL = 0;
				GCC_PREPROCESSOR_DEFINITIONS = (
					"DEBUG=1",
					"$(inherited)",
				);
				GCC_WARN_64_TO_32_BIT_CONVERSION = YES;
				GCC_WARN_ABOUT_RETURN_TYPE = YES_ERROR;
				GCC_WARN_UNDECLARED_SELECTOR = YES;
				GCC_WARN_UNINITIALIZED_AUTOS = YES_AGGRESSIVE;
				GCC_WARN_UNUSED_FUNCTION = YES;
				GCC_WARN_UNUSED_VARIABLE = YES;
				IPHONEOS_DEPLOYMENT_TARGET = 17.4;
				MTL_ENABLE_DEBUG_INFO = INCLUDE_SOURCE;
				MTL_FAST_MATH = YES;
				ONLY_ACTIVE_ARCH = YES;
				SDKROOT = iphoneos;
				SWIFT_ACTIVE_COMPILATION_CONDITIONS = DEBUG;
				SWIFT_OPTIMIZATION_LEVEL = "-Onone";
			};
			name = Debug;
		};
		A427059C2A4293B30057E439 /* Release */ = {
			isa = XCBuildConfiguration;
			buildSettings = {
				ALWAYS_SEARCH_USER_PATHS = NO;
				ASSETCATALOG_COMPILER_GENERATE_SWIFT_ASSET_SYMBOL_EXTENSIONS = YES;
				CLANG_ANALYZER_NONNULL = YES;
				CLANG_ANALYZER_NUMBER_OBJECT_CONVERSION = YES_AGGRESSIVE;
				CLANG_CXX_LANGUAGE_STANDARD = "gnu++20";
				CLANG_ENABLE_MODULES = YES;
				CLANG_ENABLE_OBJC_ARC = YES;
				CLANG_ENABLE_OBJC_WEAK = YES;
				CLANG_WARN_BLOCK_CAPTURE_AUTORELEASING = YES;
				CLANG_WARN_BOOL_CONVERSION = YES;
				CLANG_WARN_COMMA = YES;
				CLANG_WARN_CONSTANT_CONVERSION = YES;
				CLANG_WARN_DEPRECATED_OBJC_IMPLEMENTATIONS = YES;
				CLANG_WARN_DIRECT_OBJC_ISA_USAGE = YES_ERROR;
				CLANG_WARN_DOCUMENTATION_COMMENTS = YES;
				CLANG_WARN_EMPTY_BODY = YES;
				CLANG_WARN_ENUM_CONVERSION = YES;
				CLANG_WARN_INFINITE_RECURSION = YES;
				CLANG_WARN_INT_CONVERSION = YES;
				CLANG_WARN_NON_LITERAL_NULL_CONVERSION = YES;
				CLANG_WARN_OBJC_IMPLICIT_RETAIN_SELF = YES;
				CLANG_WARN_OBJC_LITERAL_CONVERSION = YES;
				CLANG_WARN_OBJC_ROOT_CLASS = YES_ERROR;
				CLANG_WARN_QUOTED_INCLUDE_IN_FRAMEWORK_HEADER = YES;
				CLANG_WARN_RANGE_LOOP_ANALYSIS = YES;
				CLANG_WARN_STRICT_PROTOTYPES = YES;
				CLANG_WARN_SUSPICIOUS_MOVE = YES;
				CLANG_WARN_UNGUARDED_AVAILABILITY = YES_AGGRESSIVE;
				CLANG_WARN_UNREACHABLE_CODE = YES;
				CLANG_WARN__DUPLICATE_METHOD_MATCH = YES;
				COPY_PHASE_STRIP = NO;
				DEBUG_INFORMATION_FORMAT = "dwarf-with-dsym";
				ENABLE_NS_ASSERTIONS = NO;
				ENABLE_STRICT_OBJC_MSGSEND = YES;
				ENABLE_USER_SCRIPT_SANDBOXING = YES;
				GCC_C_LANGUAGE_STANDARD = gnu11;
				GCC_NO_COMMON_BLOCKS = YES;
				GCC_WARN_64_TO_32_BIT_CONVERSION = YES;
				GCC_WARN_ABOUT_RETURN_TYPE = YES_ERROR;
				GCC_WARN_UNDECLARED_SELECTOR = YES;
				GCC_WARN_UNINITIALIZED_AUTOS = YES_AGGRESSIVE;
				GCC_WARN_UNUSED_FUNCTION = YES;
				GCC_WARN_UNUSED_VARIABLE = YES;
				IPHONEOS_DEPLOYMENT_TARGET = 17.4;
				MTL_ENABLE_DEBUG_INFO = NO;
				MTL_FAST_MATH = YES;
				SDKROOT = iphoneos;
				SWIFT_COMPILATION_MODE = wholemodule;
				SWIFT_OPTIMIZATION_LEVEL = "-O";
				VALIDATE_PRODUCT = YES;
			};
			name = Release;
		};
		A427059E2A4293B30057E439 /* Debug */ = {
			isa = XCBuildConfiguration;
			buildSettings = {
				ASSETCATALOG_COMPILER_APPICON_NAME = AppIcon;
				ASSETCATALOG_COMPILER_GLOBAL_ACCENT_COLOR_NAME = AccentColor;
				CODE_SIGN_ENTITLEMENTS = HackerNews/HackerNews.entitlements;
				CODE_SIGN_STYLE = Automatic;
				CURRENT_PROJECT_VERSION = 1;
				DEBUG_INFORMATION_FORMAT = "dwarf-with-dsym";
				DEVELOPMENT_ASSET_PATHS = "\"HackerNews/Preview Content\"";
				DEVELOPMENT_TEAM = 62J2XHNK9T;
				"ENABLE_HARDENED_RUNTIME[sdk=macosx*]" = YES;
				ENABLE_PREVIEWS = YES;
				ENABLE_USER_SCRIPT_SANDBOXING = NO;
				GENERATE_INFOPLIST_FILE = YES;
				INFOPLIST_FILE = "Hacker-News-Info.plist";
				INFOPLIST_KEY_LSApplicationCategoryType = "public.app-category.news";
				INFOPLIST_KEY_UIApplicationSceneManifest_Generation = YES;
				INFOPLIST_KEY_UIApplicationSupportsIndirectInputEvents = YES;
				INFOPLIST_KEY_UILaunchScreen_Generation = YES;
				INFOPLIST_KEY_UISupportedInterfaceOrientations_iPad = "UIInterfaceOrientationPortrait UIInterfaceOrientationPortraitUpsideDown UIInterfaceOrientationLandscapeLeft UIInterfaceOrientationLandscapeRight";
				INFOPLIST_KEY_UISupportedInterfaceOrientations_iPhone = "UIInterfaceOrientationPortrait UIInterfaceOrientationLandscapeLeft UIInterfaceOrientationLandscapeRight";
				IPHONEOS_DEPLOYMENT_TARGET = 17.5;
				LD_GENERATE_MAP_FILE = YES;
				LD_RUNPATH_SEARCH_PATHS = (
					"$(inherited)",
					"@executable_path/Frameworks",
				);
				LIBRARY_SEARCH_PATHS = "\"$(PROJECT_DIR)/Frameworks/Reaper.xcframework\"";
				MARKETING_VERSION = 3.4;
				OTHER_LDFLAGS = "-fprofile-instr-generate";
				OTHER_SWIFT_FLAGS = "-profile-generate -profile-coverage-mapping";
				PRODUCT_BUNDLE_IDENTIFIER = com.emergetools.hackernews;
				PRODUCT_NAME = "$(TARGET_NAME)";
				SUPPORTED_PLATFORMS = "iphoneos iphonesimulator";
				SUPPORTS_MACCATALYST = YES;
				SUPPORTS_MAC_DESIGNED_FOR_IPHONE_IPAD = NO;
				SWIFT_EMIT_LOC_STRINGS = YES;
				SWIFT_VERSION = 5.0;
				TARGETED_DEVICE_FAMILY = "1,2";
			};
			name = Debug;
		};
		A427059F2A4293B30057E439 /* Release */ = {
			isa = XCBuildConfiguration;
			buildSettings = {
				ASSETCATALOG_COMPILER_APPICON_NAME = AppIcon;
				ASSETCATALOG_COMPILER_GLOBAL_ACCENT_COLOR_NAME = AccentColor;
				CODE_SIGN_ENTITLEMENTS = HackerNews/HackerNews.entitlements;
				CODE_SIGN_STYLE = Automatic;
				CURRENT_PROJECT_VERSION = 1;
				DEBUG_INFORMATION_FORMAT = "dwarf-with-dsym";
				DEVELOPMENT_ASSET_PATHS = "\"HackerNews/Preview Content\"";
				DEVELOPMENT_TEAM = 62J2XHNK9T;
				"ENABLE_HARDENED_RUNTIME[sdk=macosx*]" = YES;
				ENABLE_PREVIEWS = YES;
				ENABLE_USER_SCRIPT_SANDBOXING = NO;
				GENERATE_INFOPLIST_FILE = YES;
				INFOPLIST_FILE = "Hacker-News-Info.plist";
				INFOPLIST_KEY_LSApplicationCategoryType = "public.app-category.news";
				INFOPLIST_KEY_UIApplicationSceneManifest_Generation = YES;
				INFOPLIST_KEY_UIApplicationSupportsIndirectInputEvents = YES;
				INFOPLIST_KEY_UILaunchScreen_Generation = YES;
				INFOPLIST_KEY_UISupportedInterfaceOrientations_iPad = "UIInterfaceOrientationPortrait UIInterfaceOrientationPortraitUpsideDown UIInterfaceOrientationLandscapeLeft UIInterfaceOrientationLandscapeRight";
				INFOPLIST_KEY_UISupportedInterfaceOrientations_iPhone = "UIInterfaceOrientationPortrait UIInterfaceOrientationLandscapeLeft UIInterfaceOrientationLandscapeRight";
				IPHONEOS_DEPLOYMENT_TARGET = 17.5;
				LD_GENERATE_MAP_FILE = YES;
				LD_RUNPATH_SEARCH_PATHS = (
					"$(inherited)",
					"@executable_path/Frameworks",
				);
				LIBRARY_SEARCH_PATHS = "\"$(PROJECT_DIR)/Frameworks/Reaper.xcframework\"";
				MARKETING_VERSION = 3.4;
				PRODUCT_BUNDLE_IDENTIFIER = com.emergetools.hackernews;
				PRODUCT_NAME = "$(TARGET_NAME)";
				SUPPORTED_PLATFORMS = "iphoneos iphonesimulator";
				SUPPORTS_MACCATALYST = YES;
				SUPPORTS_MAC_DESIGNED_FOR_IPHONE_IPAD = NO;
				SWIFT_EMIT_LOC_STRINGS = YES;
				SWIFT_VERSION = 5.0;
				TARGETED_DEVICE_FAMILY = "1,2";
			};
			name = Release;
		};
		A42705A12A4293B30057E439 /* Debug */ = {
			isa = XCBuildConfiguration;
			buildSettings = {
				BUNDLE_LOADER = "$(TEST_HOST)";
				CODE_SIGN_STYLE = Automatic;
				CURRENT_PROJECT_VERSION = 1;
				DEVELOPMENT_TEAM = 62J2XHNK9T;
				GENERATE_INFOPLIST_FILE = YES;
				IPHONEOS_DEPLOYMENT_TARGET = 17.5;
				MARKETING_VERSION = 1.0;
				PRODUCT_BUNDLE_IDENTIFIER = "com.emerge.hn.Hacker-NewsTests";
				PRODUCT_NAME = "$(TARGET_NAME)";
				SUPPORTS_MACCATALYST = YES;
				SWIFT_EMIT_LOC_STRINGS = NO;
				SWIFT_VERSION = 5.0;
				TARGETED_DEVICE_FAMILY = "1,2";
				TEST_HOST = "$(BUILT_PRODUCTS_DIR)/HackerNews.app/$(BUNDLE_EXECUTABLE_FOLDER_PATH)/HackerNews";
			};
			name = Debug;
		};
		A42705A22A4293B30057E439 /* Release */ = {
			isa = XCBuildConfiguration;
			buildSettings = {
				BUNDLE_LOADER = "$(TEST_HOST)";
				CODE_SIGN_STYLE = Automatic;
				CURRENT_PROJECT_VERSION = 1;
				DEVELOPMENT_TEAM = 62J2XHNK9T;
				GENERATE_INFOPLIST_FILE = YES;
				IPHONEOS_DEPLOYMENT_TARGET = 17.5;
				MARKETING_VERSION = 1.0;
				PRODUCT_BUNDLE_IDENTIFIER = "com.emerge.hn.Hacker-NewsTests";
				PRODUCT_NAME = "$(TARGET_NAME)";
				SUPPORTS_MACCATALYST = YES;
				SWIFT_EMIT_LOC_STRINGS = NO;
				SWIFT_VERSION = 5.0;
				TARGETED_DEVICE_FAMILY = "1,2";
				TEST_HOST = "$(BUILT_PRODUCTS_DIR)/HackerNews.app/$(BUNDLE_EXECUTABLE_FOLDER_PATH)/HackerNews";
			};
			name = Release;
		};
		A42705A42A4293B30057E439 /* Debug */ = {
			isa = XCBuildConfiguration;
			buildSettings = {
				CODE_SIGN_STYLE = Automatic;
				CURRENT_PROJECT_VERSION = 1;
				DEVELOPMENT_TEAM = 62J2XHNK9T;
				GENERATE_INFOPLIST_FILE = YES;
				IPHONEOS_DEPLOYMENT_TARGET = 17.5;
				MARKETING_VERSION = 1.0;
				PRODUCT_BUNDLE_IDENTIFIER = "com.emerge.hn.Hacker-NewsUITests";
				PRODUCT_NAME = "$(TARGET_NAME)";
				SWIFT_EMIT_LOC_STRINGS = NO;
				SWIFT_VERSION = 5.0;
				TARGETED_DEVICE_FAMILY = "1,2";
				TEST_TARGET_NAME = HackerNews;
			};
			name = Debug;
		};
		A42705A52A4293B30057E439 /* Release */ = {
			isa = XCBuildConfiguration;
			buildSettings = {
				CODE_SIGN_STYLE = Automatic;
				CURRENT_PROJECT_VERSION = 1;
				DEVELOPMENT_TEAM = 62J2XHNK9T;
				GENERATE_INFOPLIST_FILE = YES;
				IPHONEOS_DEPLOYMENT_TARGET = 17.5;
				MARKETING_VERSION = 1.0;
				PRODUCT_BUNDLE_IDENTIFIER = "com.emerge.hn.Hacker-NewsUITests";
				PRODUCT_NAME = "$(TARGET_NAME)";
				SWIFT_EMIT_LOC_STRINGS = NO;
				SWIFT_VERSION = 5.0;
				TARGETED_DEVICE_FAMILY = "1,2";
				TEST_TARGET_NAME = HackerNews;
			};
			name = Release;
		};
/* End XCBuildConfiguration section */

/* Begin XCConfigurationList section */
		A42705742A4293B10057E439 /* Build configuration list for PBXProject "HackerNews" */ = {
			isa = XCConfigurationList;
			buildConfigurations = (
				A427059B2A4293B30057E439 /* Debug */,
				A427059C2A4293B30057E439 /* Release */,
			);
			defaultConfigurationIsVisible = 0;
			defaultConfigurationName = Release;
		};
		A427059D2A4293B30057E439 /* Build configuration list for PBXNativeTarget "HackerNews" */ = {
			isa = XCConfigurationList;
			buildConfigurations = (
				A427059E2A4293B30057E439 /* Debug */,
				A427059F2A4293B30057E439 /* Release */,
			);
			defaultConfigurationIsVisible = 0;
			defaultConfigurationName = Release;
		};
		A42705A02A4293B30057E439 /* Build configuration list for PBXNativeTarget "HackerNewsTests" */ = {
			isa = XCConfigurationList;
			buildConfigurations = (
				A42705A12A4293B30057E439 /* Debug */,
				A42705A22A4293B30057E439 /* Release */,
			);
			defaultConfigurationIsVisible = 0;
			defaultConfigurationName = Release;
		};
		A42705A32A4293B30057E439 /* Build configuration list for PBXNativeTarget "HackerNewsUITests" */ = {
			isa = XCConfigurationList;
			buildConfigurations = (
				A42705A42A4293B30057E439 /* Debug */,
				A42705A52A4293B30057E439 /* Release */,
			);
			defaultConfigurationIsVisible = 0;
			defaultConfigurationName = Release;
		};
/* End XCConfigurationList section */

/* Begin XCRemoteSwiftPackageReference section */
		995A2BEDEF224F7085D3DB13 /* XCRemoteSwiftPackageReference "sentry-cocoa" */ = {
			isa = XCRemoteSwiftPackageReference;
			repositoryURL = "https://github.com/getsentry/sentry-cocoa/";
			requirement = {
				kind = upToNextMajorVersion;
				minimumVersion = 8.30.0;
			};
		};
		A47309B22AA29D9600201376 /* XCRemoteSwiftPackageReference "SwiftSoup" */ = {
			isa = XCRemoteSwiftPackageReference;
			repositoryURL = "https://github.com/scinfu/SwiftSoup";
			requirement = {
				kind = upToNextMajorVersion;
				minimumVersion = 2.6.1;
			};
		};
		A495A6642CED57BB009A2A6B /* XCRemoteSwiftPackageReference "swift-snapshot-testing" */ = {
			isa = XCRemoteSwiftPackageReference;
			repositoryURL = "https://github.com/pointfreeco/swift-snapshot-testing";
			requirement = {
				kind = upToNextMajorVersion;
				minimumVersion = 1.17.6;
			};
		};
		A495B2932BFEA11B00A8A8A9 /* XCRemoteSwiftPackageReference "Reaper" */ = {
			isa = XCRemoteSwiftPackageReference;
			repositoryURL = "https://github.com/EmergeTools/Reaper";
			requirement = {
				kind = upToNextMajorVersion;
				minimumVersion = 1.3.1;
			};
		};
		A4D28AEC2C237E2A007F20D0 /* XCRemoteSwiftPackageReference "SnapshotPreviews-iOS" */ = {
			isa = XCRemoteSwiftPackageReference;
			repositoryURL = "https://github.com/EmergeTools/SnapshotPreviews-iOS";
			requirement = {
				branch = main;
				kind = branch;
			};
		};
/* End XCRemoteSwiftPackageReference section */

/* Begin XCSwiftPackageProductDependency section */
		673236B0A4D04137A0D80A76 /* Sentry */ = {
			isa = XCSwiftPackageProductDependency;
			package = 995A2BEDEF224F7085D3DB13 /* XCRemoteSwiftPackageReference "sentry-cocoa" */;
			productName = Sentry;
		};
		A47309B32AA29D9600201376 /* SwiftSoup */ = {
			isa = XCSwiftPackageProductDependency;
			package = A47309B22AA29D9600201376 /* XCRemoteSwiftPackageReference "SwiftSoup" */;
			productName = SwiftSoup;
		};
		A495A6652CED57BB009A2A6B /* SnapshotTesting */ = {
			isa = XCSwiftPackageProductDependency;
			package = A495A6642CED57BB009A2A6B /* XCRemoteSwiftPackageReference "swift-snapshot-testing" */;
			productName = SnapshotTesting;
		};
		A495B2942BFEA11B00A8A8A9 /* Reaper */ = {
			isa = XCSwiftPackageProductDependency;
			package = A495B2932BFEA11B00A8A8A9 /* XCRemoteSwiftPackageReference "Reaper" */;
			productName = Reaper;
		};
		A4D28AED2C237E2A007F20D0 /* SnapshotPreferences */ = {
			isa = XCSwiftPackageProductDependency;
			package = A4D28AEC2C237E2A007F20D0 /* XCRemoteSwiftPackageReference "SnapshotPreviews-iOS" */;
			productName = SnapshotPreferences;
		};
		A4D28AEF2C237E2A007F20D0 /* SnapshottingTests */ = {
			isa = XCSwiftPackageProductDependency;
			package = A4D28AEC2C237E2A007F20D0 /* XCRemoteSwiftPackageReference "SnapshotPreviews-iOS" */;
			productName = SnapshottingTests;
		};
		C3AC6AD82CB6E8F7006BD22D /* SnapshottingTests */ = {
			isa = XCSwiftPackageProductDependency;
			package = A4D28AEC2C237E2A007F20D0 /* XCRemoteSwiftPackageReference "SnapshotPreviews-iOS" */;
			productName = SnapshottingTests;
		};
/* End XCSwiftPackageProductDependency section */
	};
	rootObject = A42705712A4293B10057E439 /* Project object */;
}
