// !$*UTF8*$!
{
	archiveVersion = 1;
	classes = {
	};
	objectVersion = 70;
	objects = {

/* Begin PBXBuildFile section */
		A47309B42AA29D9600201376 /* SwiftSoup in Frameworks */ = {isa = PBXBuildFile; productRef = A47309B32AA29D9600201376 /* SwiftSoup */; };
		A495A6662CED57BB009A2A6B /* SnapshotTesting in Frameworks */ = {isa = PBXBuildFile; productRef = A495A6652CED57BB009A2A6B /* SnapshotTesting */; };
		A495B2952BFEA11B00A8A8A9 /* Reaper in Frameworks */ = {isa = PBXBuildFile; productRef = A495B2942BFEA11B00A8A8A9 /* Reaper */; };
		A4B6CF932D49949200077F66 /* WidgetKit.framework in Frameworks */ = {isa = PBXBuildFile; fileRef = A4B6CF922D49949200077F66 /* WidgetKit.framework */; };
		A4B6CF952D49949200077F66 /* SwiftUI.framework in Frameworks */ = {isa = PBXBuildFile; fileRef = A4B6CF942D49949200077F66 /* SwiftUI.framework */; };
		A4B6CFA02D49949300077F66 /* HackerNewsHomeWidgetExtension.appex in Embed Foundation Extensions */ = {isa = PBXBuildFile; fileRef = A4B6CF912D49949200077F66 /* HackerNewsHomeWidgetExtension.appex */; settings = {ATTRIBUTES = (RemoveHeadersOnCopy, ); }; };
		A4BED5C32AD5E083001642B3 /* (null) in Frameworks */ = {isa = PBXBuildFile; };
		A4BED5C42AD5E083001642B3 /* (null) in Frameworks */ = {isa = PBXBuildFile; };
		A4D28AEE2C237E2A007F20D0 /* SnapshotPreferences in Frameworks */ = {isa = PBXBuildFile; productRef = A4D28AED2C237E2A007F20D0 /* SnapshotPreferences */; };
		A4D28AF02C237E2A007F20D0 /* SnapshottingTests in Frameworks */ = {isa = PBXBuildFile; productRef = A4D28AEF2C237E2A007F20D0 /* SnapshottingTests */; };
		A9DF68FF511E48048B0A703D /* Sentry in Frameworks */ = {isa = PBXBuildFile; productRef = 673236B0A4D04137A0D80A76 /* Sentry */; };
		C3AC6AD92CB6E8F7006BD22D /* SnapshottingTests in Frameworks */ = {isa = PBXBuildFile; productRef = C3AC6AD82CB6E8F7006BD22D /* SnapshottingTests */; };
		F4A70C562D4C0F5A00AE3E11 /* HackerNewsCommon.framework in Frameworks */ = {isa = PBXBuildFile; fileRef = F4A70C502D4C0F5A00AE3E11 /* HackerNewsCommon.framework */; };
		F4A70C572D4C0F5A00AE3E11 /* HackerNewsCommon.framework in Embed Frameworks */ = {isa = PBXBuildFile; fileRef = F4A70C502D4C0F5A00AE3E11 /* HackerNewsCommon.framework */; settings = {ATTRIBUTES = (CodeSignOnCopy, RemoveHeadersOnCopy, ); }; };
		F4A70C5C2D4C0F6C00AE3E11 /* HackerNewsCommon.framework in Frameworks */ = {isa = PBXBuildFile; fileRef = F4A70C502D4C0F5A00AE3E11 /* HackerNewsCommon.framework */; };
/* End PBXBuildFile section */

/* Begin PBXContainerItemProxy section */
		A411AEA02D4A82CA0067FB97 /* PBXContainerItemProxy */ = {
			isa = PBXContainerItemProxy;
			containerPortal = A42705712A4293B10057E439 /* Project object */;
			proxyType = 1;
			remoteGlobalIDString = A4B6CF902D49949200077F66;
			remoteInfo = HackerNewsHomeWidgetExtension;
		};
		A427058A2A4293B30057E439 /* PBXContainerItemProxy */ = {
			isa = PBXContainerItemProxy;
			containerPortal = A42705712A4293B10057E439 /* Project object */;
			proxyType = 1;
			remoteGlobalIDString = A42705782A4293B10057E439;
			remoteInfo = HackerNews;
		};
		A42705942A4293B30057E439 /* PBXContainerItemProxy */ = {
			isa = PBXContainerItemProxy;
			containerPortal = A42705712A4293B10057E439 /* Project object */;
			proxyType = 1;
			remoteGlobalIDString = A42705782A4293B10057E439;
			remoteInfo = HackerNews;
		};
		F4A70C542D4C0F5A00AE3E11 /* PBXContainerItemProxy */ = {
			isa = PBXContainerItemProxy;
			containerPortal = A42705712A4293B10057E439 /* Project object */;
			proxyType = 1;
			remoteGlobalIDString = F4A70C4F2D4C0F5A00AE3E11;
			remoteInfo = HackerNewsCommon;
		};
		F4A70C5E2D4C0F6C00AE3E11 /* PBXContainerItemProxy */ = {
			isa = PBXContainerItemProxy;
			containerPortal = A42705712A4293B10057E439 /* Project object */;
			proxyType = 1;
			remoteGlobalIDString = F4A70C4F2D4C0F5A00AE3E11;
			remoteInfo = HackerNewsCommon;
		};
/* End PBXContainerItemProxy section */

/* Begin PBXCopyFilesBuildPhase section */
		A4B6CFA22D49949300077F66 /* Embed Foundation Extensions */ = {
			isa = PBXCopyFilesBuildPhase;
			buildActionMask = 2147483647;
			dstPath = "";
			dstSubfolderSpec = 13;
			files = (
				A4B6CFA02D49949300077F66 /* HackerNewsHomeWidgetExtension.appex in Embed Foundation Extensions */,
			);
			name = "Embed Foundation Extensions";
			runOnlyForDeploymentPostprocessing = 0;
		};
		A4D28AE92C237BAE007F20D0 /* Embed Frameworks */ = {
			isa = PBXCopyFilesBuildPhase;
			buildActionMask = 2147483647;
			dstPath = "";
			dstSubfolderSpec = 10;
			files = (
				F4A70C572D4C0F5A00AE3E11 /* HackerNewsCommon.framework in Embed Frameworks */,
			);
			name = "Embed Frameworks";
			runOnlyForDeploymentPostprocessing = 0;
		};
/* End PBXCopyFilesBuildPhase section */

/* Begin PBXFileReference section */
		A42705792A4293B10057E439 /* HackerNews.app */ = {isa = PBXFileReference; explicitFileType = wrapper.application; includeInIndex = 0; path = HackerNews.app; sourceTree = BUILT_PRODUCTS_DIR; };
		A42705892A4293B30057E439 /* HackerNewsTests.xctest */ = {isa = PBXFileReference; explicitFileType = wrapper.cfbundle; includeInIndex = 0; path = HackerNewsTests.xctest; sourceTree = BUILT_PRODUCTS_DIR; };
		A42705932A4293B30057E439 /* HackerNewsUITests.xctest */ = {isa = PBXFileReference; explicitFileType = wrapper.cfbundle; includeInIndex = 0; path = HackerNewsUITests.xctest; sourceTree = BUILT_PRODUCTS_DIR; };
		A45C2C7D2A5DDE25009BC030 /* README.txt */ = {isa = PBXFileReference; fileEncoding = 4; lastKnownFileType = text; path = README.txt; sourceTree = "<group>"; };
		A45C2C7E2A5DDE25009BC030 /* Pluginfile */ = {isa = PBXFileReference; fileEncoding = 4; lastKnownFileType = text; path = Pluginfile; sourceTree = "<group>"; };
		A45C2C7F2A5DDE25009BC030 /* Appfile */ = {isa = PBXFileReference; fileEncoding = 4; lastKnownFileType = text; path = Appfile; sourceTree = "<group>"; };
		A45C2C802A5DDE25009BC030 /* Deliverfile */ = {isa = PBXFileReference; fileEncoding = 4; lastKnownFileType = text; path = Deliverfile; sourceTree = "<group>"; };
		A45C2C812A5DDE25009BC030 /* Fastfile */ = {isa = PBXFileReference; fileEncoding = 4; lastKnownFileType = text; path = Fastfile; sourceTree = "<group>"; };
		A45C2C832A5DDE25009BC030 /* copyright.txt */ = {isa = PBXFileReference; fileEncoding = 4; lastKnownFileType = text; path = copyright.txt; sourceTree = "<group>"; };
		A45C2C842A5DDE25009BC030 /* secondary_first_sub_category.txt */ = {isa = PBXFileReference; fileEncoding = 4; lastKnownFileType = text; path = secondary_first_sub_category.txt; sourceTree = "<group>"; };
		A45C2C852A5DDE25009BC030 /* secondary_category.txt */ = {isa = PBXFileReference; fileEncoding = 4; lastKnownFileType = text; path = secondary_category.txt; sourceTree = "<group>"; };
		A45C2C862A5DDE25009BC030 /* secondary_second_sub_category.txt */ = {isa = PBXFileReference; fileEncoding = 4; lastKnownFileType = text; path = secondary_second_sub_category.txt; sourceTree = "<group>"; };
		A45C2C872A5DDE25009BC030 /* primary_second_sub_category.txt */ = {isa = PBXFileReference; fileEncoding = 4; lastKnownFileType = text; path = primary_second_sub_category.txt; sourceTree = "<group>"; };
		A45C2C892A5DDE25009BC030 /* phone_number.txt */ = {isa = PBXFileReference; fileEncoding = 4; lastKnownFileType = text; path = phone_number.txt; sourceTree = "<group>"; };
		A45C2C8A2A5DDE25009BC030 /* demo_user.txt */ = {isa = PBXFileReference; fileEncoding = 4; lastKnownFileType = text; path = demo_user.txt; sourceTree = "<group>"; };
		A45C2C8B2A5DDE25009BC030 /* notes.txt */ = {isa = PBXFileReference; fileEncoding = 4; lastKnownFileType = text; path = notes.txt; sourceTree = "<group>"; };
		A45C2C8C2A5DDE25009BC030 /* email_address.txt */ = {isa = PBXFileReference; fileEncoding = 4; lastKnownFileType = text; path = email_address.txt; sourceTree = "<group>"; };
		A45C2C8D2A5DDE25009BC030 /* last_name.txt */ = {isa = PBXFileReference; fileEncoding = 4; lastKnownFileType = text; path = last_name.txt; sourceTree = "<group>"; };
		A45C2C8E2A5DDE25009BC030 /* first_name.txt */ = {isa = PBXFileReference; fileEncoding = 4; lastKnownFileType = text; path = first_name.txt; sourceTree = "<group>"; };
		A45C2C8F2A5DDE25009BC030 /* demo_password.txt */ = {isa = PBXFileReference; fileEncoding = 4; lastKnownFileType = text; path = demo_password.txt; sourceTree = "<group>"; };
		A45C2C902A5DDE25009BC030 /* primary_first_sub_category.txt */ = {isa = PBXFileReference; fileEncoding = 4; lastKnownFileType = text; path = primary_first_sub_category.txt; sourceTree = "<group>"; };
		A45C2C922A5DDE25009BC030 /* privacy_url.txt */ = {isa = PBXFileReference; fileEncoding = 4; lastKnownFileType = text; path = privacy_url.txt; sourceTree = "<group>"; };
		A45C2C932A5DDE25009BC030 /* subtitle.txt */ = {isa = PBXFileReference; fileEncoding = 4; lastKnownFileType = text; path = subtitle.txt; sourceTree = "<group>"; };
		A45C2C942A5DDE25009BC030 /* support_url.txt */ = {isa = PBXFileReference; fileEncoding = 4; lastKnownFileType = text; path = support_url.txt; sourceTree = "<group>"; };
		A45C2C952A5DDE25009BC030 /* keywords.txt */ = {isa = PBXFileReference; fileEncoding = 4; lastKnownFileType = text; path = keywords.txt; sourceTree = "<group>"; };
		A45C2C962A5DDE25009BC030 /* apple_tv_privacy_policy.txt */ = {isa = PBXFileReference; fileEncoding = 4; lastKnownFileType = text; path = apple_tv_privacy_policy.txt; sourceTree = "<group>"; };
		A45C2C972A5DDE25009BC030 /* promotional_text.txt */ = {isa = PBXFileReference; fileEncoding = 4; lastKnownFileType = text; path = promotional_text.txt; sourceTree = "<group>"; };
		A45C2C982A5DDE25009BC030 /* release_notes.txt */ = {isa = PBXFileReference; fileEncoding = 4; lastKnownFileType = text; path = release_notes.txt; sourceTree = "<group>"; };
		A45C2C992A5DDE25009BC030 /* name.txt */ = {isa = PBXFileReference; fileEncoding = 4; lastKnownFileType = text; path = name.txt; sourceTree = "<group>"; };
		A45C2C9A2A5DDE25009BC030 /* marketing_url.txt */ = {isa = PBXFileReference; fileEncoding = 4; lastKnownFileType = text; path = marketing_url.txt; sourceTree = "<group>"; };
		A45C2C9B2A5DDE25009BC030 /* description.txt */ = {isa = PBXFileReference; fileEncoding = 4; lastKnownFileType = text; path = description.txt; sourceTree = "<group>"; };
		A45C2C9C2A5DDE25009BC030 /* primary_category.txt */ = {isa = PBXFileReference; fileEncoding = 4; lastKnownFileType = text; path = primary_category.txt; sourceTree = "<group>"; };
		A4B6CF912D49949200077F66 /* HackerNewsHomeWidgetExtension.appex */ = {isa = PBXFileReference; explicitFileType = "wrapper.app-extension"; includeInIndex = 0; path = HackerNewsHomeWidgetExtension.appex; sourceTree = BUILT_PRODUCTS_DIR; };
		A4B6CF922D49949200077F66 /* WidgetKit.framework */ = {isa = PBXFileReference; lastKnownFileType = wrapper.framework; name = WidgetKit.framework; path = System/Library/Frameworks/WidgetKit.framework; sourceTree = SDKROOT; };
		A4B6CF942D49949200077F66 /* SwiftUI.framework */ = {isa = PBXFileReference; lastKnownFileType = wrapper.framework; name = SwiftUI.framework; path = System/Library/Frameworks/SwiftUI.framework; sourceTree = SDKROOT; };
		A4B6CFA12D49949300077F66 /* HackerNewsHomeWidgetExtension.entitlements */ = {isa = PBXFileReference; lastKnownFileType = text.plist.entitlements; path = HackerNewsHomeWidgetExtension.entitlements; sourceTree = "<group>"; };
		C3AC6AD72CB6E854006BD22D /* HackerNews.xctestplan */ = {isa = PBXFileReference; lastKnownFileType = text; path = HackerNews.xctestplan; sourceTree = "<group>"; };
		F4A70C502D4C0F5A00AE3E11 /* HackerNewsCommon.framework */ = {isa = PBXFileReference; explicitFileType = wrapper.framework; includeInIndex = 0; path = HackerNewsCommon.framework; sourceTree = BUILT_PRODUCTS_DIR; };
/* End PBXFileReference section */

/* Begin PBXFileSystemSynchronizedBuildFileExceptionSet section */
		A411AD6B2D4997560067FB97 /* PBXFileSystemSynchronizedBuildFileExceptionSet */ = {
			isa = PBXFileSystemSynchronizedBuildFileExceptionSet;
			membershipExceptions = (
				Assets.xcassets,
			);
			target = A4B6CF902D49949200077F66 /* HackerNewsHomeWidgetExtension */;
		};
		A4B6CFA52D49949300077F66 /* PBXFileSystemSynchronizedBuildFileExceptionSet */ = {
			isa = PBXFileSystemSynchronizedBuildFileExceptionSet;
			membershipExceptions = (
				Info.plist,
			);
			target = A4B6CF902D49949200077F66 /* HackerNewsHomeWidgetExtension */;
		};
		F4A70C5A2D4C0F5A00AE3E11 /* PBXFileSystemSynchronizedBuildFileExceptionSet */ = {
			isa = PBXFileSystemSynchronizedBuildFileExceptionSet;
			publicHeaders = (
				HackerNewsCommon.h,
			);
			target = F4A70C4F2D4C0F5A00AE3E11 /* HackerNewsCommon */;
		};
/* End PBXFileSystemSynchronizedBuildFileExceptionSet section */

/* Begin PBXFileSystemSynchronizedRootGroup section */
		A43900902D483CCC00FE51DD /* HackerNewsTests */ = {isa = PBXFileSystemSynchronizedRootGroup; explicitFileTypes = {}; explicitFolders = (); path = HackerNewsTests; sourceTree = "<group>"; };
		A43900A92D483CD000FE51DD /* HackerNewsUITests */ = {isa = PBXFileSystemSynchronizedRootGroup; explicitFileTypes = {}; explicitFolders = (); path = HackerNewsUITests; sourceTree = "<group>"; };
		A43900DA2D483D6100FE51DD /* HackerNews */ = {isa = PBXFileSystemSynchronizedRootGroup; exceptions = (A411AD6B2D4997560067FB97 /* PBXFileSystemSynchronizedBuildFileExceptionSet */, ); explicitFileTypes = {}; explicitFolders = (); path = HackerNews; sourceTree = "<group>"; };
		A4B6CF962D49949200077F66 /* HackerNewsHomeWidget */ = {isa = PBXFileSystemSynchronizedRootGroup; exceptions = (A4B6CFA52D49949300077F66 /* PBXFileSystemSynchronizedBuildFileExceptionSet */, ); explicitFileTypes = {}; explicitFolders = (); path = HackerNewsHomeWidget; sourceTree = "<group>"; };
		F4A70C512D4C0F5A00AE3E11 /* HackerNewsCommon */ = {isa = PBXFileSystemSynchronizedRootGroup; exceptions = (F4A70C5A2D4C0F5A00AE3E11 /* PBXFileSystemSynchronizedBuildFileExceptionSet */, ); explicitFileTypes = {}; explicitFolders = (); path = HackerNewsCommon; sourceTree = "<group>"; };
/* End PBXFileSystemSynchronizedRootGroup section */

/* Begin PBXFrameworksBuildPhase section */
		A42705762A4293B10057E439 /* Frameworks */ = {
			isa = PBXFrameworksBuildPhase;
			buildActionMask = 2147483647;
			files = (
				A47309B42AA29D9600201376 /* SwiftSoup in Frameworks */,
				F4A70C562D4C0F5A00AE3E11 /* HackerNewsCommon.framework in Frameworks */,
				A4D28AEE2C237E2A007F20D0 /* SnapshotPreferences in Frameworks */,
				A495B2952BFEA11B00A8A8A9 /* Reaper in Frameworks */,
				A9DF68FF511E48048B0A703D /* Sentry in Frameworks */,
			);
			runOnlyForDeploymentPostprocessing = 0;
		};
		A42705862A4293B30057E439 /* Frameworks */ = {
			isa = PBXFrameworksBuildPhase;
			buildActionMask = 2147483647;
			files = (
				A495A6662CED57BB009A2A6B /* SnapshotTesting in Frameworks */,
				C3AC6AD92CB6E8F7006BD22D /* SnapshottingTests in Frameworks */,
				A4BED5C32AD5E083001642B3 /* (null) in Frameworks */,
			);
			runOnlyForDeploymentPostprocessing = 0;
		};
		A42705902A4293B30057E439 /* Frameworks */ = {
			isa = PBXFrameworksBuildPhase;
			buildActionMask = 2147483647;
			files = (
				A4D28AF02C237E2A007F20D0 /* SnapshottingTests in Frameworks */,
				A4BED5C42AD5E083001642B3 /* (null) in Frameworks */,
			);
			runOnlyForDeploymentPostprocessing = 0;
		};
		A4B6CF8E2D49949200077F66 /* Frameworks */ = {
			isa = PBXFrameworksBuildPhase;
			buildActionMask = 2147483647;
			files = (
				A4B6CF952D49949200077F66 /* SwiftUI.framework in Frameworks */,
				A4B6CF932D49949200077F66 /* WidgetKit.framework in Frameworks */,
				F4A70C5C2D4C0F6C00AE3E11 /* HackerNewsCommon.framework in Frameworks */,
			);
			runOnlyForDeploymentPostprocessing = 0;
		};
		F4A70C4D2D4C0F5A00AE3E11 /* Frameworks */ = {
			isa = PBXFrameworksBuildPhase;
			buildActionMask = 2147483647;
			files = (
			);
			runOnlyForDeploymentPostprocessing = 0;
		};
/* End PBXFrameworksBuildPhase section */

/* Begin PBXGroup section */
		A42705702A4293B10057E439 = {
			isa = PBXGroup;
			children = (
				A4B6CFA12D49949300077F66 /* HackerNewsHomeWidgetExtension.entitlements */,
				C3AC6AD72CB6E854006BD22D /* HackerNews.xctestplan */,
				A45C2C7B2A5DDE25009BC030 /* fastlane */,
				A43900DA2D483D6100FE51DD /* HackerNews */,
				A43900902D483CCC00FE51DD /* HackerNewsTests */,
				A43900A92D483CD000FE51DD /* HackerNewsUITests */,
				A4B6CF962D49949200077F66 /* HackerNewsHomeWidget */,
				F4A70C512D4C0F5A00AE3E11 /* HackerNewsCommon */,
				A427057A2A4293B10057E439 /* Products */,
				A4BED5AB2ACDFDCF001642B3 /* Frameworks */,
			);
			sourceTree = "<group>";
		};
		A427057A2A4293B10057E439 /* Products */ = {
			isa = PBXGroup;
			children = (
				A42705792A4293B10057E439 /* HackerNews.app */,
				A42705892A4293B30057E439 /* HackerNewsTests.xctest */,
				A42705932A4293B30057E439 /* HackerNewsUITests.xctest */,
				A4B6CF912D49949200077F66 /* HackerNewsHomeWidgetExtension.appex */,
				F4A70C502D4C0F5A00AE3E11 /* HackerNewsCommon.framework */,
			);
			name = Products;
			sourceTree = "<group>";
		};
		A45C2C7B2A5DDE25009BC030 /* fastlane */ = {
			isa = PBXGroup;
			children = (
				A45C2C7C2A5DDE25009BC030 /* screenshots */,
				A45C2C7E2A5DDE25009BC030 /* Pluginfile */,
				A45C2C7F2A5DDE25009BC030 /* Appfile */,
				A45C2C802A5DDE25009BC030 /* Deliverfile */,
				A45C2C812A5DDE25009BC030 /* Fastfile */,
				A45C2C822A5DDE25009BC030 /* metadata */,
			);
			path = fastlane;
			sourceTree = "<group>";
		};
		A45C2C7C2A5DDE25009BC030 /* screenshots */ = {
			isa = PBXGroup;
			children = (
				A45C2C7D2A5DDE25009BC030 /* README.txt */,
			);
			path = screenshots;
			sourceTree = "<group>";
		};
		A45C2C822A5DDE25009BC030 /* metadata */ = {
			isa = PBXGroup;
			children = (
				A45C2C832A5DDE25009BC030 /* copyright.txt */,
				A45C2C842A5DDE25009BC030 /* secondary_first_sub_category.txt */,
				A45C2C852A5DDE25009BC030 /* secondary_category.txt */,
				A45C2C862A5DDE25009BC030 /* secondary_second_sub_category.txt */,
				A45C2C872A5DDE25009BC030 /* primary_second_sub_category.txt */,
				A45C2C882A5DDE25009BC030 /* review_information */,
				A45C2C902A5DDE25009BC030 /* primary_first_sub_category.txt */,
				A45C2C912A5DDE25009BC030 /* en-US */,
				A45C2C9C2A5DDE25009BC030 /* primary_category.txt */,
			);
			path = metadata;
			sourceTree = "<group>";
		};
		A45C2C882A5DDE25009BC030 /* review_information */ = {
			isa = PBXGroup;
			children = (
				A45C2C892A5DDE25009BC030 /* phone_number.txt */,
				A45C2C8A2A5DDE25009BC030 /* demo_user.txt */,
				A45C2C8B2A5DDE25009BC030 /* notes.txt */,
				A45C2C8C2A5DDE25009BC030 /* email_address.txt */,
				A45C2C8D2A5DDE25009BC030 /* last_name.txt */,
				A45C2C8E2A5DDE25009BC030 /* first_name.txt */,
				A45C2C8F2A5DDE25009BC030 /* demo_password.txt */,
			);
			path = review_information;
			sourceTree = "<group>";
		};
		A45C2C912A5DDE25009BC030 /* en-US */ = {
			isa = PBXGroup;
			children = (
				A45C2C922A5DDE25009BC030 /* privacy_url.txt */,
				A45C2C932A5DDE25009BC030 /* subtitle.txt */,
				A45C2C942A5DDE25009BC030 /* support_url.txt */,
				A45C2C952A5DDE25009BC030 /* keywords.txt */,
				A45C2C962A5DDE25009BC030 /* apple_tv_privacy_policy.txt */,
				A45C2C972A5DDE25009BC030 /* promotional_text.txt */,
				A45C2C982A5DDE25009BC030 /* release_notes.txt */,
				A45C2C992A5DDE25009BC030 /* name.txt */,
				A45C2C9A2A5DDE25009BC030 /* marketing_url.txt */,
				A45C2C9B2A5DDE25009BC030 /* description.txt */,
			);
			path = "en-US";
			sourceTree = "<group>";
		};
		A4BED5AB2ACDFDCF001642B3 /* Frameworks */ = {
			isa = PBXGroup;
			children = (
				A4B6CF922D49949200077F66 /* WidgetKit.framework */,
				A4B6CF942D49949200077F66 /* SwiftUI.framework */,
			);
			name = Frameworks;
			sourceTree = "<group>";
		};
/* End PBXGroup section */

/* Begin PBXHeadersBuildPhase section */
		F4A70C4B2D4C0F5A00AE3E11 /* Headers */ = {
			isa = PBXHeadersBuildPhase;
			buildActionMask = 2147483647;
			files = (
			);
			runOnlyForDeploymentPostprocessing = 0;
		};
/* End PBXHeadersBuildPhase section */

/* Begin PBXNativeTarget section */
		A42705782A4293B10057E439 /* HackerNews */ = {
			isa = PBXNativeTarget;
			buildConfigurationList = A427059D2A4293B30057E439 /* Build configuration list for PBXNativeTarget "HackerNews" */;
			buildPhases = (
				A42705752A4293B10057E439 /* Sources */,
				A42705762A4293B10057E439 /* Frameworks */,
				A42705772A4293B10057E439 /* Resources */,
				A4D28AE92C237BAE007F20D0 /* Embed Frameworks */,
				A4B6CFA22D49949300077F66 /* Embed Foundation Extensions */,
				A42705AE2A44C35D0057E439 /* Strip Symbols */,
			);
			buildRules = (
			);
			dependencies = (
				A411AEA12D4A82CA0067FB97 /* PBXTargetDependency */,
				F4A70C552D4C0F5A00AE3E11 /* PBXTargetDependency */,
			);
			fileSystemSynchronizedGroups = (
				A43900DA2D483D6100FE51DD /* HackerNews */,
			);
			name = HackerNews;
			packageProductDependencies = (
				A47309B32AA29D9600201376 /* SwiftSoup */,
				673236B0A4D04137A0D80A76 /* Sentry */,
				A495B2942BFEA11B00A8A8A9 /* Reaper */,
				A4D28AED2C237E2A007F20D0 /* SnapshotPreferences */,
			);
			productName = HackerNews;
			productReference = A42705792A4293B10057E439 /* HackerNews.app */;
			productType = "com.apple.product-type.application";
		};
		A42705882A4293B30057E439 /* HackerNewsTests */ = {
			isa = PBXNativeTarget;
			buildConfigurationList = A42705A02A4293B30057E439 /* Build configuration list for PBXNativeTarget "HackerNewsTests" */;
			buildPhases = (
				A42705852A4293B30057E439 /* Sources */,
				A42705862A4293B30057E439 /* Frameworks */,
				A42705872A4293B30057E439 /* Resources */,
			);
			buildRules = (
			);
			dependencies = (
				A427058B2A4293B30057E439 /* PBXTargetDependency */,
			);
			fileSystemSynchronizedGroups = (
				A43900902D483CCC00FE51DD /* HackerNewsTests */,
			);
			name = HackerNewsTests;
			productName = HackerNewsTests;
			productReference = A42705892A4293B30057E439 /* HackerNewsTests.xctest */;
			productType = "com.apple.product-type.bundle.unit-test";
		};
		A42705922A4293B30057E439 /* HackerNewsUITests */ = {
			isa = PBXNativeTarget;
			buildConfigurationList = A42705A32A4293B30057E439 /* Build configuration list for PBXNativeTarget "HackerNewsUITests" */;
			buildPhases = (
				A427058F2A4293B30057E439 /* Sources */,
				A42705902A4293B30057E439 /* Frameworks */,
				A42705912A4293B30057E439 /* Resources */,
			);
			buildRules = (
			);
			dependencies = (
				A42705952A4293B30057E439 /* PBXTargetDependency */,
			);
			fileSystemSynchronizedGroups = (
				A43900A92D483CD000FE51DD /* HackerNewsUITests */,
			);
			name = HackerNewsUITests;
			packageProductDependencies = (
				A4D28AEF2C237E2A007F20D0 /* SnapshottingTests */,
			);
			productName = HackerNewsUITests;
			productReference = A42705932A4293B30057E439 /* HackerNewsUITests.xctest */;
			productType = "com.apple.product-type.bundle.ui-testing";
		};
		A4B6CF902D49949200077F66 /* HackerNewsHomeWidgetExtension */ = {
			isa = PBXNativeTarget;
			buildConfigurationList = A4B6CFA62D49949300077F66 /* Build configuration list for PBXNativeTarget "HackerNewsHomeWidgetExtension" */;
			buildPhases = (
				A4B6CF8D2D49949200077F66 /* Sources */,
				A4B6CF8E2D49949200077F66 /* Frameworks */,
				A4B6CF8F2D49949200077F66 /* Resources */,
			);
			buildRules = (
			);
			dependencies = (
				F4A70C5F2D4C0F6C00AE3E11 /* PBXTargetDependency */,
			);
			fileSystemSynchronizedGroups = (
				A4B6CF962D49949200077F66 /* HackerNewsHomeWidget */,
			);
			name = HackerNewsHomeWidgetExtension;
			packageProductDependencies = (
			);
			productName = HackerNewsHomeWidgetExtension;
			productReference = A4B6CF912D49949200077F66 /* HackerNewsHomeWidgetExtension.appex */;
			productType = "com.apple.product-type.app-extension";
		};
		F4A70C4F2D4C0F5A00AE3E11 /* HackerNewsCommon */ = {
			isa = PBXNativeTarget;
			buildConfigurationList = F4A70C5B2D4C0F5A00AE3E11 /* Build configuration list for PBXNativeTarget "HackerNewsCommon" */;
			buildPhases = (
				F4A70C4B2D4C0F5A00AE3E11 /* Headers */,
				F4A70C4C2D4C0F5A00AE3E11 /* Sources */,
				F4A70C4D2D4C0F5A00AE3E11 /* Frameworks */,
				F4A70C4E2D4C0F5A00AE3E11 /* Resources */,
			);
			buildRules = (
			);
			dependencies = (
			);
			fileSystemSynchronizedGroups = (
				F4A70C512D4C0F5A00AE3E11 /* HackerNewsCommon */,
			);
			name = HackerNewsCommon;
			packageProductDependencies = (
			);
			productName = HackerNewsCommon;
			productReference = F4A70C502D4C0F5A00AE3E11 /* HackerNewsCommon.framework */;
			productType = "com.apple.product-type.framework";
		};
/* End PBXNativeTarget section */

/* Begin PBXProject section */
		A42705712A4293B10057E439 /* Project object */ = {
			isa = PBXProject;
			attributes = {
				BuildIndependentTargetsInParallel = 1;
				LastSwiftUpdateCheck = 1620;
				LastUpgradeCheck = 1620;
				TargetAttributes = {
					A42705782A4293B10057E439 = {
						CreatedOnToolsVersion = 14.3.1;
					};
					A42705882A4293B30057E439 = {
						CreatedOnToolsVersion = 14.3.1;
						TestTargetID = A42705782A4293B10057E439;
					};
					A42705922A4293B30057E439 = {
						CreatedOnToolsVersion = 14.3.1;
						TestTargetID = A42705782A4293B10057E439;
					};
					A4B6CF902D49949200077F66 = {
						CreatedOnToolsVersion = 16.2;
					};
					F4A70C4F2D4C0F5A00AE3E11 = {
						CreatedOnToolsVersion = 16.2;
					};
				};
			};
			buildConfigurationList = A42705742A4293B10057E439 /* Build configuration list for PBXProject "HackerNews" */;
			compatibilityVersion = "Xcode 14.0";
			developmentRegion = en;
			hasScannedForEncodings = 0;
			knownRegions = (
				en,
				Base,
			);
			mainGroup = A42705702A4293B10057E439;
			packageReferences = (
				A47309B22AA29D9600201376 /* XCRemoteSwiftPackageReference "SwiftSoup" */,
				995A2BEDEF224F7085D3DB13 /* XCRemoteSwiftPackageReference "sentry-cocoa" */,
				A495B2932BFEA11B00A8A8A9 /* XCRemoteSwiftPackageReference "Reaper" */,
				A4D28AEC2C237E2A007F20D0 /* XCRemoteSwiftPackageReference "SnapshotPreviews-iOS" */,
				A495A6642CED57BB009A2A6B /* XCRemoteSwiftPackageReference "swift-snapshot-testing" */,
			);
			productRefGroup = A427057A2A4293B10057E439 /* Products */;
			projectDirPath = "";
			projectRoot = "";
			targets = (
				A42705782A4293B10057E439 /* HackerNews */,
				A42705882A4293B30057E439 /* HackerNewsTests */,
				A42705922A4293B30057E439 /* HackerNewsUITests */,
				A4B6CF902D49949200077F66 /* HackerNewsHomeWidgetExtension */,
				F4A70C4F2D4C0F5A00AE3E11 /* HackerNewsCommon */,
			);
		};
/* End PBXProject section */

/* Begin PBXResourcesBuildPhase section */
		A42705772A4293B10057E439 /* Resources */ = {
			isa = PBXResourcesBuildPhase;
			buildActionMask = 2147483647;
			files = (
			);
			runOnlyForDeploymentPostprocessing = 0;
		};
		A42705872A4293B30057E439 /* Resources */ = {
			isa = PBXResourcesBuildPhase;
			buildActionMask = 2147483647;
			files = (
			);
			runOnlyForDeploymentPostprocessing = 0;
		};
		A42705912A4293B30057E439 /* Resources */ = {
			isa = PBXResourcesBuildPhase;
			buildActionMask = 2147483647;
			files = (
			);
			runOnlyForDeploymentPostprocessing = 0;
		};
		A4B6CF8F2D49949200077F66 /* Resources */ = {
			isa = PBXResourcesBuildPhase;
			buildActionMask = 2147483647;
			files = (
			);
			runOnlyForDeploymentPostprocessing = 0;
		};
		F4A70C4E2D4C0F5A00AE3E11 /* Resources */ = {
			isa = PBXResourcesBuildPhase;
			buildActionMask = 2147483647;
			files = (
			);
			runOnlyForDeploymentPostprocessing = 0;
		};
/* End PBXResourcesBuildPhase section */

/* Begin PBXShellScriptBuildPhase section */
		A42705AE2A44C35D0057E439 /* Strip Symbols */ = {
			isa = PBXShellScriptBuildPhase;
			alwaysOutOfDate = 1;
			buildActionMask = 2147483647;
			files = (
			);
			inputFileListPaths = (
			);
			inputPaths = (
				"${DWARF_DSYM_FOLDER_PATH}/${DWARF_DSYM_FILE_NAME}/Contents/Resources/DWARF/${TARGET_NAME}",
			);
			name = "Strip Symbols";
			outputFileListPaths = (
			);
			outputPaths = (
			);
			runOnlyForDeploymentPostprocessing = 0;
			shellPath = /bin/sh;
			shellScript = "#!/bin/bash\nset -e\n\nif [ \"Release\" = \"${CONFIGURATION}\" ]; then\n  # Path to the app directory\n  APP_DIR_PATH=\"${BUILT_PRODUCTS_DIR}/${EXECUTABLE_FOLDER_PATH}\"\n  # Strip main binary\n  strip -rSTx \"${APP_DIR_PATH}/${EXECUTABLE_NAME}\"\n  # Path to the Frameworks directory\n  APP_FRAMEWORKS_DIR=\"${APP_DIR_PATH}/Frameworks\"\n\n  # Strip symbols from frameworks, if Frameworks/ exists at all\n  # ... as long as the framework is NOT signed by Apple\n  if [ -d \"${APP_FRAMEWORKS_DIR}\" ]\n  then\n    find \"${APP_FRAMEWORKS_DIR}\" -type f -perm +111 -maxdepth 2 -mindepth 2 -exec bash -c '\n    codesign -v -R=\"anchor apple\" \"{}\" &> /dev/null ||\n    (\n        echo \"Stripping {}\" &&\n        if [ -w \"{}\" ]; then\n            strip -rSTx \"{}\"\n        else\n            echo \"Warning: No write permission for {}\"\n        fi\n    )\n    ' \\;\n  fi\nfi\n";
		};
/* End PBXShellScriptBuildPhase section */

/* Begin PBXSourcesBuildPhase section */
		A42705752A4293B10057E439 /* Sources */ = {
			isa = PBXSourcesBuildPhase;
			buildActionMask = 2147483647;
			files = (
			);
			runOnlyForDeploymentPostprocessing = 0;
		};
		A42705852A4293B30057E439 /* Sources */ = {
			isa = PBXSourcesBuildPhase;
			buildActionMask = 2147483647;
			files = (
			);
			runOnlyForDeploymentPostprocessing = 0;
		};
		A427058F2A4293B30057E439 /* Sources */ = {
			isa = PBXSourcesBuildPhase;
			buildActionMask = 2147483647;
			files = (
			);
			runOnlyForDeploymentPostprocessing = 0;
		};
		A4B6CF8D2D49949200077F66 /* Sources */ = {
			isa = PBXSourcesBuildPhase;
			buildActionMask = 2147483647;
			files = (
			);
			runOnlyForDeploymentPostprocessing = 0;
		};
		F4A70C4C2D4C0F5A00AE3E11 /* Sources */ = {
			isa = PBXSourcesBuildPhase;
			buildActionMask = 2147483647;
			files = (
			);
			runOnlyForDeploymentPostprocessing = 0;
		};
/* End PBXSourcesBuildPhase section */

/* Begin PBXTargetDependency section */
		A411AEA12D4A82CA0067FB97 /* PBXTargetDependency */ = {
			isa = PBXTargetDependency;
			target = A4B6CF902D49949200077F66 /* HackerNewsHomeWidgetExtension */;
			targetProxy = A411AEA02D4A82CA0067FB97 /* PBXContainerItemProxy */;
		};
		A427058B2A4293B30057E439 /* PBXTargetDependency */ = {
			isa = PBXTargetDependency;
			target = A42705782A4293B10057E439 /* HackerNews */;
			targetProxy = A427058A2A4293B30057E439 /* PBXContainerItemProxy */;
		};
		A42705952A4293B30057E439 /* PBXTargetDependency */ = {
			isa = PBXTargetDependency;
			target = A42705782A4293B10057E439 /* HackerNews */;
			targetProxy = A42705942A4293B30057E439 /* PBXContainerItemProxy */;
		};
		F4A70C552D4C0F5A00AE3E11 /* PBXTargetDependency */ = {
			isa = PBXTargetDependency;
			target = F4A70C4F2D4C0F5A00AE3E11 /* HackerNewsCommon */;
			targetProxy = F4A70C542D4C0F5A00AE3E11 /* PBXContainerItemProxy */;
		};
		F4A70C5F2D4C0F6C00AE3E11 /* PBXTargetDependency */ = {
			isa = PBXTargetDependency;
			target = F4A70C4F2D4C0F5A00AE3E11 /* HackerNewsCommon */;
			targetProxy = F4A70C5E2D4C0F6C00AE3E11 /* PBXContainerItemProxy */;
		};
/* End PBXTargetDependency section */

/* Begin XCBuildConfiguration section */
		A427059B2A4293B30057E439 /* Debug */ = {
			isa = XCBuildConfiguration;
			buildSettings = {
				ALWAYS_SEARCH_USER_PATHS = NO;
				ASSETCATALOG_COMPILER_GENERATE_SWIFT_ASSET_SYMBOL_EXTENSIONS = YES;
				CLANG_ANALYZER_NONNULL = YES;
				CLANG_ANALYZER_NUMBER_OBJECT_CONVERSION = YES_AGGRESSIVE;
				CLANG_CXX_LANGUAGE_STANDARD = "gnu++20";
				CLANG_ENABLE_MODULES = YES;
				CLANG_ENABLE_OBJC_ARC = YES;
				CLANG_ENABLE_OBJC_WEAK = YES;
				CLANG_WARN_BLOCK_CAPTURE_AUTORELEASING = YES;
				CLANG_WARN_BOOL_CONVERSION = YES;
				CLANG_WARN_COMMA = YES;
				CLANG_WARN_CONSTANT_CONVERSION = YES;
				CLANG_WARN_DEPRECATED_OBJC_IMPLEMENTATIONS = YES;
				CLANG_WARN_DIRECT_OBJC_ISA_USAGE = YES_ERROR;
				CLANG_WARN_DOCUMENTATION_COMMENTS = YES;
				CLANG_WARN_EMPTY_BODY = YES;
				CLANG_WARN_ENUM_CONVERSION = YES;
				CLANG_WARN_INFINITE_RECURSION = YES;
				CLANG_WARN_INT_CONVERSION = YES;
				CLANG_WARN_NON_LITERAL_NULL_CONVERSION = YES;
				CLANG_WARN_OBJC_IMPLICIT_RETAIN_SELF = YES;
				CLANG_WARN_OBJC_LITERAL_CONVERSION = YES;
				CLANG_WARN_OBJC_ROOT_CLASS = YES_ERROR;
				CLANG_WARN_QUOTED_INCLUDE_IN_FRAMEWORK_HEADER = YES;
				CLANG_WARN_RANGE_LOOP_ANALYSIS = YES;
				CLANG_WARN_STRICT_PROTOTYPES = YES;
				CLANG_WARN_SUSPICIOUS_MOVE = YES;
				CLANG_WARN_UNGUARDED_AVAILABILITY = YES_AGGRESSIVE;
				CLANG_WARN_UNREACHABLE_CODE = YES;
				CLANG_WARN__DUPLICATE_METHOD_MATCH = YES;
				COPY_PHASE_STRIP = NO;
				DEBUG_INFORMATION_FORMAT = dwarf;
				ENABLE_STRICT_OBJC_MSGSEND = YES;
				ENABLE_TESTABILITY = YES;
				ENABLE_USER_SCRIPT_SANDBOXING = YES;
				GCC_C_LANGUAGE_STANDARD = gnu11;
				GCC_DYNAMIC_NO_PIC = NO;
				GCC_NO_COMMON_BLOCKS = YES;
				GCC_OPTIMIZATION_LEVEL = 0;
				GCC_PREPROCESSOR_DEFINITIONS = (
					"DEBUG=1",
					"$(inherited)",
				);
				GCC_WARN_64_TO_32_BIT_CONVERSION = YES;
				GCC_WARN_ABOUT_RETURN_TYPE = YES_ERROR;
				GCC_WARN_UNDECLARED_SELECTOR = YES;
				GCC_WARN_UNINITIALIZED_AUTOS = YES_AGGRESSIVE;
				GCC_WARN_UNUSED_FUNCTION = YES;
				GCC_WARN_UNUSED_VARIABLE = YES;
				IPHONEOS_DEPLOYMENT_TARGET = 17.4;
				MTL_ENABLE_DEBUG_INFO = INCLUDE_SOURCE;
				MTL_FAST_MATH = YES;
				ONLY_ACTIVE_ARCH = YES;
				SDKROOT = iphoneos;
				SWIFT_ACTIVE_COMPILATION_CONDITIONS = DEBUG;
				SWIFT_OPTIMIZATION_LEVEL = "-Onone";
			};
			name = Debug;
		};
		A427059C2A4293B30057E439 /* Release */ = {
			isa = XCBuildConfiguration;
			buildSettings = {
				ALWAYS_SEARCH_USER_PATHS = NO;
				ASSETCATALOG_COMPILER_GENERATE_SWIFT_ASSET_SYMBOL_EXTENSIONS = YES;
				CLANG_ANALYZER_NONNULL = YES;
				CLANG_ANALYZER_NUMBER_OBJECT_CONVERSION = YES_AGGRESSIVE;
				CLANG_CXX_LANGUAGE_STANDARD = "gnu++20";
				CLANG_ENABLE_MODULES = YES;
				CLANG_ENABLE_OBJC_ARC = YES;
				CLANG_ENABLE_OBJC_WEAK = YES;
				CLANG_WARN_BLOCK_CAPTURE_AUTORELEASING = YES;
				CLANG_WARN_BOOL_CONVERSION = YES;
				CLANG_WARN_COMMA = YES;
				CLANG_WARN_CONSTANT_CONVERSION = YES;
				CLANG_WARN_DEPRECATED_OBJC_IMPLEMENTATIONS = YES;
				CLANG_WARN_DIRECT_OBJC_ISA_USAGE = YES_ERROR;
				CLANG_WARN_DOCUMENTATION_COMMENTS = YES;
				CLANG_WARN_EMPTY_BODY = YES;
				CLANG_WARN_ENUM_CONVERSION = YES;
				CLANG_WARN_INFINITE_RECURSION = YES;
				CLANG_WARN_INT_CONVERSION = YES;
				CLANG_WARN_NON_LITERAL_NULL_CONVERSION = YES;
				CLANG_WARN_OBJC_IMPLICIT_RETAIN_SELF = YES;
				CLANG_WARN_OBJC_LITERAL_CONVERSION = YES;
				CLANG_WARN_OBJC_ROOT_CLASS = YES_ERROR;
				CLANG_WARN_QUOTED_INCLUDE_IN_FRAMEWORK_HEADER = YES;
				CLANG_WARN_RANGE_LOOP_ANALYSIS = YES;
				CLANG_WARN_STRICT_PROTOTYPES = YES;
				CLANG_WARN_SUSPICIOUS_MOVE = YES;
				CLANG_WARN_UNGUARDED_AVAILABILITY = YES_AGGRESSIVE;
				CLANG_WARN_UNREACHABLE_CODE = YES;
				CLANG_WARN__DUPLICATE_METHOD_MATCH = YES;
				COPY_PHASE_STRIP = NO;
				DEBUG_INFORMATION_FORMAT = "dwarf-with-dsym";
				ENABLE_NS_ASSERTIONS = NO;
				ENABLE_STRICT_OBJC_MSGSEND = YES;
				ENABLE_USER_SCRIPT_SANDBOXING = YES;
				GCC_C_LANGUAGE_STANDARD = gnu11;
				GCC_NO_COMMON_BLOCKS = YES;
				GCC_WARN_64_TO_32_BIT_CONVERSION = YES;
				GCC_WARN_ABOUT_RETURN_TYPE = YES_ERROR;
				GCC_WARN_UNDECLARED_SELECTOR = YES;
				GCC_WARN_UNINITIALIZED_AUTOS = YES_AGGRESSIVE;
				GCC_WARN_UNUSED_FUNCTION = YES;
				GCC_WARN_UNUSED_VARIABLE = YES;
				IPHONEOS_DEPLOYMENT_TARGET = 17.4;
				MTL_ENABLE_DEBUG_INFO = NO;
				MTL_FAST_MATH = YES;
				SDKROOT = iphoneos;
				SWIFT_COMPILATION_MODE = wholemodule;
				SWIFT_OPTIMIZATION_LEVEL = "-O";
				VALIDATE_PRODUCT = YES;
			};
			name = Release;
		};
		A427059E2A4293B30057E439 /* Debug */ = {
			isa = XCBuildConfiguration;
			buildSettings = {
				ASSETCATALOG_COMPILER_APPICON_NAME = AppIcon;
				ASSETCATALOG_COMPILER_GLOBAL_ACCENT_COLOR_NAME = AccentColor;
				CODE_SIGN_ENTITLEMENTS = HackerNews/HackerNews.entitlements;
				CODE_SIGN_STYLE = Automatic;
				CURRENT_PROJECT_VERSION = 1;
				DEBUG_INFORMATION_FORMAT = "dwarf-with-dsym";
				DEVELOPMENT_TEAM = 62J2XHNK9T;
				"ENABLE_HARDENED_RUNTIME[sdk=macosx*]" = YES;
				ENABLE_PREVIEWS = YES;
				ENABLE_USER_SCRIPT_SANDBOXING = NO;
				GENERATE_INFOPLIST_FILE = YES;
				INFOPLIST_FILE = "HackerNews/Hacker-News-Info.plist";
				INFOPLIST_KEY_LSApplicationCategoryType = "public.app-category.news";
				INFOPLIST_KEY_UIApplicationSceneManifest_Generation = YES;
				INFOPLIST_KEY_UIApplicationSupportsIndirectInputEvents = YES;
				INFOPLIST_KEY_UILaunchScreen_Generation = YES;
				INFOPLIST_KEY_UISupportedInterfaceOrientations_iPad = "UIInterfaceOrientationPortrait UIInterfaceOrientationPortraitUpsideDown UIInterfaceOrientationLandscapeLeft UIInterfaceOrientationLandscapeRight";
				INFOPLIST_KEY_UISupportedInterfaceOrientations_iPhone = "UIInterfaceOrientationPortrait UIInterfaceOrientationLandscapeLeft UIInterfaceOrientationLandscapeRight";
				IPHONEOS_DEPLOYMENT_TARGET = 17.5;
				LD_GENERATE_MAP_FILE = YES;
				LD_RUNPATH_SEARCH_PATHS = (
					"$(inherited)",
					"@executable_path/Frameworks",
				);
				LIBRARY_SEARCH_PATHS = "\"$(PROJECT_DIR)/Frameworks/Reaper.xcframework\"";
				MARKETING_VERSION = 3.6;
				OTHER_LDFLAGS = "-fprofile-instr-generate";
				OTHER_SWIFT_FLAGS = "-profile-generate -profile-coverage-mapping";
				PRODUCT_BUNDLE_IDENTIFIER = com.emergetools.hackernews;
				PRODUCT_NAME = "$(TARGET_NAME)";
				SUPPORTED_PLATFORMS = "iphoneos iphonesimulator";
				SUPPORTS_MACCATALYST = YES;
				SUPPORTS_MAC_DESIGNED_FOR_IPHONE_IPAD = NO;
				SWIFT_EMIT_LOC_STRINGS = YES;
				SWIFT_VERSION = 5.0;
				TARGETED_DEVICE_FAMILY = "1,2";
			};
			name = Debug;
		};
		A427059F2A4293B30057E439 /* Release */ = {
			isa = XCBuildConfiguration;
			buildSettings = {
				ASSETCATALOG_COMPILER_APPICON_NAME = AppIcon;
				ASSETCATALOG_COMPILER_GLOBAL_ACCENT_COLOR_NAME = AccentColor;
				CODE_SIGN_ENTITLEMENTS = HackerNews/HackerNews.entitlements;
				CODE_SIGN_STYLE = Automatic;
				CURRENT_PROJECT_VERSION = 1;
				DEBUG_INFORMATION_FORMAT = "dwarf-with-dsym";
				DEVELOPMENT_TEAM = 62J2XHNK9T;
				"ENABLE_HARDENED_RUNTIME[sdk=macosx*]" = YES;
				ENABLE_PREVIEWS = YES;
				ENABLE_USER_SCRIPT_SANDBOXING = NO;
				GENERATE_INFOPLIST_FILE = YES;
				INFOPLIST_FILE = "HackerNews/Hacker-News-Info.plist";
				INFOPLIST_KEY_LSApplicationCategoryType = "public.app-category.news";
				INFOPLIST_KEY_UIApplicationSceneManifest_Generation = YES;
				INFOPLIST_KEY_UIApplicationSupportsIndirectInputEvents = YES;
				INFOPLIST_KEY_UILaunchScreen_Generation = YES;
				INFOPLIST_KEY_UISupportedInterfaceOrientations_iPad = "UIInterfaceOrientationPortrait UIInterfaceOrientationPortraitUpsideDown UIInterfaceOrientationLandscapeLeft UIInterfaceOrientationLandscapeRight";
				INFOPLIST_KEY_UISupportedInterfaceOrientations_iPhone = "UIInterfaceOrientationPortrait UIInterfaceOrientationLandscapeLeft UIInterfaceOrientationLandscapeRight";
				IPHONEOS_DEPLOYMENT_TARGET = 17.5;
				LD_GENERATE_MAP_FILE = YES;
				LD_RUNPATH_SEARCH_PATHS = (
					"$(inherited)",
					"@executable_path/Frameworks",
				);
				LIBRARY_SEARCH_PATHS = "\"$(PROJECT_DIR)/Frameworks/Reaper.xcframework\"";
				MARKETING_VERSION = 3.6;
				PRODUCT_BUNDLE_IDENTIFIER = com.emergetools.hackernews;
				PRODUCT_NAME = "$(TARGET_NAME)";
				SUPPORTED_PLATFORMS = "iphoneos iphonesimulator";
				SUPPORTS_MACCATALYST = YES;
				SUPPORTS_MAC_DESIGNED_FOR_IPHONE_IPAD = NO;
				SWIFT_EMIT_LOC_STRINGS = YES;
				SWIFT_VERSION = 5.0;
				TARGETED_DEVICE_FAMILY = "1,2";
			};
			name = Release;
		};
		A42705A12A4293B30057E439 /* Debug */ = {
			isa = XCBuildConfiguration;
			buildSettings = {
				BUNDLE_LOADER = "$(TEST_HOST)";
				CODE_SIGN_STYLE = Automatic;
				CURRENT_PROJECT_VERSION = 1;
				DEVELOPMENT_TEAM = 62J2XHNK9T;
				GENERATE_INFOPLIST_FILE = YES;
				IPHONEOS_DEPLOYMENT_TARGET = 17.5;
				MARKETING_VERSION = 1.0;
				PRODUCT_BUNDLE_IDENTIFIER = com.emergetools.hackernewsTests;
				PRODUCT_NAME = "$(TARGET_NAME)";
				SUPPORTS_MACCATALYST = YES;
				SWIFT_EMIT_LOC_STRINGS = NO;
				SWIFT_VERSION = 5.0;
				TARGETED_DEVICE_FAMILY = "1,2";
				TEST_HOST = "$(BUILT_PRODUCTS_DIR)/HackerNews.app/$(BUNDLE_EXECUTABLE_FOLDER_PATH)/HackerNews";
			};
			name = Debug;
		};
		A42705A22A4293B30057E439 /* Release */ = {
			isa = XCBuildConfiguration;
			buildSettings = {
				BUNDLE_LOADER = "$(TEST_HOST)";
				CODE_SIGN_STYLE = Automatic;
				CURRENT_PROJECT_VERSION = 1;
				DEVELOPMENT_TEAM = 62J2XHNK9T;
				GENERATE_INFOPLIST_FILE = YES;
				IPHONEOS_DEPLOYMENT_TARGET = 17.5;
				MARKETING_VERSION = 1.0;
				PRODUCT_BUNDLE_IDENTIFIER = com.emergetools.hackernewsTests;
				PRODUCT_NAME = "$(TARGET_NAME)";
				SUPPORTS_MACCATALYST = YES;
				SWIFT_EMIT_LOC_STRINGS = NO;
				SWIFT_VERSION = 5.0;
				TARGETED_DEVICE_FAMILY = "1,2";
				TEST_HOST = "$(BUILT_PRODUCTS_DIR)/HackerNews.app/$(BUNDLE_EXECUTABLE_FOLDER_PATH)/HackerNews";
			};
			name = Release;
		};
		A42705A42A4293B30057E439 /* Debug */ = {
			isa = XCBuildConfiguration;
			buildSettings = {
				CODE_SIGN_STYLE = Automatic;
				CURRENT_PROJECT_VERSION = 1;
				DEVELOPMENT_TEAM = 62J2XHNK9T;
				GENERATE_INFOPLIST_FILE = YES;
				IPHONEOS_DEPLOYMENT_TARGET = 17.5;
				MARKETING_VERSION = 1.0;
				PRODUCT_BUNDLE_IDENTIFIER = com.emergetools.hackernewsUITests;
				PRODUCT_NAME = "$(TARGET_NAME)";
				SWIFT_EMIT_LOC_STRINGS = NO;
				SWIFT_VERSION = 5.0;
				TARGETED_DEVICE_FAMILY = "1,2";
				TEST_TARGET_NAME = HackerNews;
			};
			name = Debug;
		};
		A42705A52A4293B30057E439 /* Release */ = {
			isa = XCBuildConfiguration;
			buildSettings = {
				CODE_SIGN_STYLE = Automatic;
				CURRENT_PROJECT_VERSION = 1;
				DEVELOPMENT_TEAM = 62J2XHNK9T;
				GENERATE_INFOPLIST_FILE = YES;
				IPHONEOS_DEPLOYMENT_TARGET = 17.5;
				MARKETING_VERSION = 1.0;
				PRODUCT_BUNDLE_IDENTIFIER = com.emergetools.hackernewsUITests;
				PRODUCT_NAME = "$(TARGET_NAME)";
				SWIFT_EMIT_LOC_STRINGS = NO;
				SWIFT_VERSION = 5.0;
				TARGETED_DEVICE_FAMILY = "1,2";
				TEST_TARGET_NAME = HackerNews;
			};
			name = Release;
		};
		A4B6CFA32D49949300077F66 /* Debug */ = {
			isa = XCBuildConfiguration;
			buildSettings = {
				ASSETCATALOG_COMPILER_GLOBAL_ACCENT_COLOR_NAME = AccentColor;
				ASSETCATALOG_COMPILER_WIDGET_BACKGROUND_COLOR_NAME = WidgetBackground;
				CODE_SIGN_ENTITLEMENTS = HackerNewsHomeWidgetExtension.entitlements;
				CODE_SIGN_STYLE = Automatic;
				CURRENT_PROJECT_VERSION = 1;
				DEVELOPMENT_TEAM = 62J2XHNK9T;
				GCC_C_LANGUAGE_STANDARD = gnu17;
				GENERATE_INFOPLIST_FILE = YES;
				INFOPLIST_FILE = HackerNewsHomeWidget/Info.plist;
				INFOPLIST_KEY_CFBundleDisplayName = HackerNewsHomeWidget;
				INFOPLIST_KEY_NSHumanReadableCopyright = "";
				IPHONEOS_DEPLOYMENT_TARGET = 18.2;
				LD_RUNPATH_SEARCH_PATHS = (
					"$(inherited)",
					"@executable_path/Frameworks",
					"@executable_path/../../Frameworks",
				);
				LOCALIZATION_PREFERS_STRING_CATALOGS = YES;
				MARKETING_VERSION = 1.0;
				PRODUCT_BUNDLE_IDENTIFIER = com.emergetools.hackernews.HackerNewsHomeWidget;
				PRODUCT_NAME = "$(TARGET_NAME)";
				SKIP_INSTALL = YES;
				SUPPORTS_MACCATALYST = YES;
				SWIFT_ACTIVE_COMPILATION_CONDITIONS = "DEBUG $(inherited)";
				SWIFT_EMIT_LOC_STRINGS = YES;
				SWIFT_VERSION = 5.0;
				TARGETED_DEVICE_FAMILY = "1,2";
			};
			name = Debug;
		};
		A4B6CFA42D49949300077F66 /* Release */ = {
			isa = XCBuildConfiguration;
			buildSettings = {
				ASSETCATALOG_COMPILER_GLOBAL_ACCENT_COLOR_NAME = AccentColor;
				ASSETCATALOG_COMPILER_WIDGET_BACKGROUND_COLOR_NAME = WidgetBackground;
				CODE_SIGN_ENTITLEMENTS = HackerNewsHomeWidgetExtension.entitlements;
				CODE_SIGN_STYLE = Automatic;
				CURRENT_PROJECT_VERSION = 1;
				DEVELOPMENT_TEAM = 62J2XHNK9T;
				GCC_C_LANGUAGE_STANDARD = gnu17;
				GENERATE_INFOPLIST_FILE = YES;
				INFOPLIST_FILE = HackerNewsHomeWidget/Info.plist;
				INFOPLIST_KEY_CFBundleDisplayName = HackerNewsHomeWidget;
				INFOPLIST_KEY_NSHumanReadableCopyright = "";
				IPHONEOS_DEPLOYMENT_TARGET = 18.2;
				LD_RUNPATH_SEARCH_PATHS = (
					"$(inherited)",
					"@executable_path/Frameworks",
					"@executable_path/../../Frameworks",
				);
				LOCALIZATION_PREFERS_STRING_CATALOGS = YES;
				MARKETING_VERSION = 1.0;
				PRODUCT_BUNDLE_IDENTIFIER = com.emergetools.hackernews.HackerNewsHomeWidget;
				PRODUCT_NAME = "$(TARGET_NAME)";
				SKIP_INSTALL = YES;
				SUPPORTS_MACCATALYST = YES;
				SWIFT_EMIT_LOC_STRINGS = YES;
				SWIFT_VERSION = 5.0;
				TARGETED_DEVICE_FAMILY = "1,2";
			};
			name = Release;
		};
		F4A70C582D4C0F5A00AE3E11 /* Debug */ = {
			isa = XCBuildConfiguration;
			buildSettings = {
				BUILD_LIBRARY_FOR_DISTRIBUTION = YES;
				CODE_SIGN_STYLE = Automatic;
				CURRENT_PROJECT_VERSION = 1;
				DEFINES_MODULE = YES;
				DEVELOPMENT_TEAM = 62J2XHNK9T;
				DYLIB_COMPATIBILITY_VERSION = 1;
				DYLIB_CURRENT_VERSION = 1;
				DYLIB_INSTALL_NAME_BASE = "@rpath";
				ENABLE_MODULE_VERIFIER = YES;
				GCC_C_LANGUAGE_STANDARD = gnu17;
				GENERATE_INFOPLIST_FILE = YES;
				INFOPLIST_KEY_NSHumanReadableCopyright = "";
				INSTALL_PATH = "$(LOCAL_LIBRARY_DIR)/Frameworks";
				IPHONEOS_DEPLOYMENT_TARGET = 18.2;
				LD_RUNPATH_SEARCH_PATHS = (
					"$(inherited)",
					"@executable_path/Frameworks",
					"@loader_path/Frameworks",
				);
				LOCALIZATION_PREFERS_STRING_CATALOGS = YES;
				MARKETING_VERSION = 1.0;
				MODULE_VERIFIER_SUPPORTED_LANGUAGES = "objective-c objective-c++";
				MODULE_VERIFIER_SUPPORTED_LANGUAGE_STANDARDS = "gnu17 gnu++20";
				PRODUCT_BUNDLE_IDENTIFIER = com.emerge.HackerNewsCommon;
				PRODUCT_NAME = "$(TARGET_NAME:c99extidentifier)";
				SKIP_INSTALL = YES;
				SWIFT_ACTIVE_COMPILATION_CONDITIONS = "DEBUG $(inherited)";
				SWIFT_EMIT_LOC_STRINGS = YES;
				SWIFT_INSTALL_OBJC_HEADER = NO;
				SWIFT_VERSION = 5.0;
				TARGETED_DEVICE_FAMILY = "1,2";
				VERSIONING_SYSTEM = "apple-generic";
				VERSION_INFO_PREFIX = "";
			};
			name = Debug;
		};
		F4A70C592D4C0F5A00AE3E11 /* Release */ = {
			isa = XCBuildConfiguration;
			buildSettings = {
				BUILD_LIBRARY_FOR_DISTRIBUTION = YES;
				CODE_SIGN_STYLE = Automatic;
				CURRENT_PROJECT_VERSION = 1;
				DEFINES_MODULE = YES;
				DEVELOPMENT_TEAM = 62J2XHNK9T;
				DYLIB_COMPATIBILITY_VERSION = 1;
				DYLIB_CURRENT_VERSION = 1;
				DYLIB_INSTALL_NAME_BASE = "@rpath";
				ENABLE_MODULE_VERIFIER = YES;
				GCC_C_LANGUAGE_STANDARD = gnu17;
				GENERATE_INFOPLIST_FILE = YES;
				INFOPLIST_KEY_NSHumanReadableCopyright = "";
				INSTALL_PATH = "$(LOCAL_LIBRARY_DIR)/Frameworks";
				IPHONEOS_DEPLOYMENT_TARGET = 18.2;
				LD_RUNPATH_SEARCH_PATHS = (
					"$(inherited)",
					"@executable_path/Frameworks",
					"@loader_path/Frameworks",
				);
				LOCALIZATION_PREFERS_STRING_CATALOGS = YES;
				MARKETING_VERSION = 1.0;
				MODULE_VERIFIER_SUPPORTED_LANGUAGES = "objective-c objective-c++";
				MODULE_VERIFIER_SUPPORTED_LANGUAGE_STANDARDS = "gnu17 gnu++20";
				PRODUCT_BUNDLE_IDENTIFIER = com.emerge.HackerNewsCommon;
				PRODUCT_NAME = "$(TARGET_NAME:c99extidentifier)";
				SKIP_INSTALL = YES;
				SWIFT_EMIT_LOC_STRINGS = YES;
				SWIFT_INSTALL_OBJC_HEADER = NO;
				SWIFT_VERSION = 5.0;
				TARGETED_DEVICE_FAMILY = "1,2";
				VERSIONING_SYSTEM = "apple-generic";
				VERSION_INFO_PREFIX = "";
			};
			name = Release;
		};
/* End XCBuildConfiguration section */

/* Begin XCConfigurationList section */
		A42705742A4293B10057E439 /* Build configuration list for PBXProject "HackerNews" */ = {
			isa = XCConfigurationList;
			buildConfigurations = (
				A427059B2A4293B30057E439 /* Debug */,
				A427059C2A4293B30057E439 /* Release */,
			);
			defaultConfigurationIsVisible = 0;
			defaultConfigurationName = Release;
		};
		A427059D2A4293B30057E439 /* Build configuration list for PBXNativeTarget "HackerNews" */ = {
			isa = XCConfigurationList;
			buildConfigurations = (
				A427059E2A4293B30057E439 /* Debug */,
				A427059F2A4293B30057E439 /* Release */,
			);
			defaultConfigurationIsVisible = 0;
			defaultConfigurationName = Release;
		};
		A42705A02A4293B30057E439 /* Build configuration list for PBXNativeTarget "HackerNewsTests" */ = {
			isa = XCConfigurationList;
			buildConfigurations = (
				A42705A12A4293B30057E439 /* Debug */,
				A42705A22A4293B30057E439 /* Release */,
			);
			defaultConfigurationIsVisible = 0;
			defaultConfigurationName = Release;
		};
		A42705A32A4293B30057E439 /* Build configuration list for PBXNativeTarget "HackerNewsUITests" */ = {
			isa = XCConfigurationList;
			buildConfigurations = (
				A42705A42A4293B30057E439 /* Debug */,
				A42705A52A4293B30057E439 /* Release */,
			);
			defaultConfigurationIsVisible = 0;
			defaultConfigurationName = Release;
		};
		A4B6CFA62D49949300077F66 /* Build configuration list for PBXNativeTarget "HackerNewsHomeWidgetExtension" */ = {
			isa = XCConfigurationList;
			buildConfigurations = (
				A4B6CFA32D49949300077F66 /* Debug */,
				A4B6CFA42D49949300077F66 /* Release */,
			);
			defaultConfigurationIsVisible = 0;
			defaultConfigurationName = Release;
		};
		F4A70C5B2D4C0F5A00AE3E11 /* Build configuration list for PBXNativeTarget "HackerNewsCommon" */ = {
			isa = XCConfigurationList;
			buildConfigurations = (
				F4A70C582D4C0F5A00AE3E11 /* Debug */,
				F4A70C592D4C0F5A00AE3E11 /* Release */,
			);
			defaultConfigurationIsVisible = 0;
			defaultConfigurationName = Release;
		};
/* End XCConfigurationList section */

/* Begin XCRemoteSwiftPackageReference section */
		995A2BEDEF224F7085D3DB13 /* XCRemoteSwiftPackageReference "sentry-cocoa" */ = {
			isa = XCRemoteSwiftPackageReference;
			repositoryURL = "https://github.com/getsentry/sentry-cocoa/";
			requirement = {
				kind = upToNextMajorVersion;
				minimumVersion = 8.30.0;
			};
		};
		A47309B22AA29D9600201376 /* XCRemoteSwiftPackageReference "SwiftSoup" */ = {
			isa = XCRemoteSwiftPackageReference;
			repositoryURL = "https://github.com/scinfu/SwiftSoup";
			requirement = {
				kind = upToNextMajorVersion;
				minimumVersion = 2.6.1;
			};
		};
		A495A6642CED57BB009A2A6B /* XCRemoteSwiftPackageReference "swift-snapshot-testing" */ = {
			isa = XCRemoteSwiftPackageReference;
			repositoryURL = "https://github.com/pointfreeco/swift-snapshot-testing";
			requirement = {
				kind = upToNextMajorVersion;
				minimumVersion = 1.17.6;
			};
		};
		A495B2932BFEA11B00A8A8A9 /* XCRemoteSwiftPackageReference "Reaper" */ = {
			isa = XCRemoteSwiftPackageReference;
			repositoryURL = "https://github.com/EmergeTools/Reaper";
			requirement = {
				kind = upToNextMajorVersion;
				minimumVersion = 1.6.0;
			};
		};
		A4D28AEC2C237E2A007F20D0 /* XCRemoteSwiftPackageReference "SnapshotPreviews-iOS" */ = {
			isa = XCRemoteSwiftPackageReference;
			repositoryURL = "https://github.com/EmergeTools/SnapshotPreviews-iOS";
			requirement = {
				branch = main;
				kind = branch;
			};
		};
/* End XCRemoteSwiftPackageReference section */

/* Begin XCSwiftPackageProductDependency section */
		673236B0A4D04137A0D80A76 /* Sentry */ = {
			isa = XCSwiftPackageProductDependency;
			package = 995A2BEDEF224F7085D3DB13 /* XCRemoteSwiftPackageReference "sentry-cocoa" */;
			productName = Sentry;
		};
		A47309B32AA29D9600201376 /* SwiftSoup */ = {
			isa = XCSwiftPackageProductDependency;
			package = A47309B22AA29D9600201376 /* XCRemoteSwiftPackageReference "SwiftSoup" */;
			productName = SwiftSoup;
		};
		A495A6652CED57BB009A2A6B /* SnapshotTesting */ = {
			isa = XCSwiftPackageProductDependency;
			package = A495A6642CED57BB009A2A6B /* XCRemoteSwiftPackageReference "swift-snapshot-testing" */;
			productName = SnapshotTesting;
		};
		A495B2942BFEA11B00A8A8A9 /* Reaper */ = {
			isa = XCSwiftPackageProductDependency;
			package = A495B2932BFEA11B00A8A8A9 /* XCRemoteSwiftPackageReference "Reaper" */;
			productName = Reaper;
		};
		A4D28AED2C237E2A007F20D0 /* SnapshotPreferences */ = {
			isa = XCSwiftPackageProductDependency;
			package = A4D28AEC2C237E2A007F20D0 /* XCRemoteSwiftPackageReference "SnapshotPreviews-iOS" */;
			productName = SnapshotPreferences;
		};
		A4D28AEF2C237E2A007F20D0 /* SnapshottingTests */ = {
			isa = XCSwiftPackageProductDependency;
			package = A4D28AEC2C237E2A007F20D0 /* XCRemoteSwiftPackageReference "SnapshotPreviews-iOS" */;
			productName = SnapshottingTests;
		};
		C3AC6AD82CB6E8F7006BD22D /* SnapshottingTests */ = {
			isa = XCSwiftPackageProductDependency;
			package = A4D28AEC2C237E2A007F20D0 /* XCRemoteSwiftPackageReference "SnapshotPreviews-iOS" */;
			productName = SnapshottingTests;
		};
/* End XCSwiftPackageProductDependency section */
	};
	rootObject = A42705712A4293B10057E439 /* Project object */;
}
